<?xml version="1.0"?>
<Project ToolsVersion="4.0" xmlns="http://schemas.microsoft.com/developer/msbuild/2003">
	<ItemGroup>
		<ClCompile Include="src\ofApp.cpp">
			<Filter>src</Filter>
		</ClCompile>
		<ClCompile Include="src\main.cpp">
			<Filter>src</Filter>
		</ClCompile>
		<ClCompile Include="src\main.cpp">
			<Filter>src</Filter>
		</ClCompile>
		<ClCompile Include="src\ofApp.cpp">
			<Filter>src</Filter>
		</ClCompile>
		<ClCompile Include="..\..\..\addons\ofxGui\src\ofxBaseGui.cpp">
			<Filter>addons\ofxGui\src</Filter>
		</ClCompile>
		<ClCompile Include="..\..\..\addons\ofxGui\src\ofxButton.cpp">
			<Filter>addons\ofxGui\src</Filter>
		</ClCompile>
		<ClCompile Include="..\..\..\addons\ofxGui\src\ofxColorPicker.cpp">
			<Filter>addons\ofxGui\src</Filter>
		</ClCompile>
		<ClCompile Include="..\..\..\addons\ofxGui\src\ofxGuiGroup.cpp">
			<Filter>addons\ofxGui\src</Filter>
		</ClCompile>
		<ClCompile Include="..\..\..\addons\ofxGui\src\ofxInputField.cpp">
			<Filter>addons\ofxGui\src</Filter>
		</ClCompile>
		<ClCompile Include="..\..\..\addons\ofxGui\src\ofxLabel.cpp">
			<Filter>addons\ofxGui\src</Filter>
		</ClCompile>
		<ClCompile Include="..\..\..\addons\ofxGui\src\ofxPanel.cpp">
			<Filter>addons\ofxGui\src</Filter>
		</ClCompile>
		<ClCompile Include="..\..\..\addons\ofxGui\src\ofxSlider.cpp">
			<Filter>addons\ofxGui\src</Filter>
		</ClCompile>
		<ClCompile Include="..\..\..\addons\ofxGui\src\ofxSliderGroup.cpp">
			<Filter>addons\ofxGui\src</Filter>
		</ClCompile>
		<ClCompile Include="..\..\..\addons\ofxGui\src\ofxToggle.cpp">
			<Filter>addons\ofxGui\src</Filter>
		</ClCompile>
		<ClCompile Include="..\..\..\addons\ofxLineaDeTiempo\libs\ofxDOM\src\CapturedPointer.cpp">
			<Filter>addons\ofxLineaDeTiempo\libs\ofxDOM\src</Filter>
		</ClCompile>
		<ClCompile Include="..\..\..\addons\ofxLineaDeTiempo\libs\ofxDOM\src\Document.cpp">
			<Filter>addons\ofxLineaDeTiempo\libs\ofxDOM\src</Filter>
		</ClCompile>
		<ClCompile Include="..\..\..\addons\ofxLineaDeTiempo\libs\ofxDOM\src\Element.cpp">
			<Filter>addons\ofxLineaDeTiempo\libs\ofxDOM\src</Filter>
		</ClCompile>
		<ClCompile Include="..\..\..\addons\ofxLineaDeTiempo\libs\ofxDOM\src\Events.cpp">
			<Filter>addons\ofxLineaDeTiempo\libs\ofxDOM\src</Filter>
		</ClCompile>
		<ClCompile Include="..\..\..\addons\ofxLineaDeTiempo\libs\ofxDOM\src\Exceptions.cpp">
			<Filter>addons\ofxLineaDeTiempo\libs\ofxDOM\src</Filter>
		</ClCompile>
		<ClCompile Include="..\..\..\addons\ofxLineaDeTiempo\libs\ofxDOM\src\Layout.cpp">
			<Filter>addons\ofxLineaDeTiempo\libs\ofxDOM\src</Filter>
		</ClCompile>
		<ClCompile Include="..\..\..\addons\ofxLineaDeTiempo\libs\ofxDOM\src\Node.cpp">
			<Filter>addons\ofxLineaDeTiempo\libs\ofxDOM\src</Filter>
		</ClCompile>
		<ClCompile Include="..\..\..\addons\ofxLineaDeTiempo\libs\ofxDOM\src\NodeEvents.cpp">
			<Filter>addons\ofxLineaDeTiempo\libs\ofxDOM\src</Filter>
		</ClCompile>
		<ClCompile Include="..\..\..\addons\ofxLineaDeTiempo\libs\ofxDOM\src\Types.cpp">
			<Filter>addons\ofxLineaDeTiempo\libs\ofxDOM\src</Filter>
		</ClCompile>
		<ClCompile Include="..\..\..\addons\ofxLineaDeTiempo\libs\ofxLineaDeTiempo\src\Controller\BaseController.cpp">
			<Filter>addons\ofxLineaDeTiempo\libs\ofxLineaDeTiempo\src\Controller</Filter>
		</ClCompile>
		<ClCompile Include="..\..\..\addons\ofxLineaDeTiempo\libs\ofxLineaDeTiempo\src\Controller\Interpolator.cpp">
			<Filter>addons\ofxLineaDeTiempo\libs\ofxLineaDeTiempo\src\Controller</Filter>
		</ClCompile>
		<ClCompile Include="..\..\..\addons\ofxLineaDeTiempo\libs\ofxLineaDeTiempo\src\Controller\KeyframeCollectionController.cpp">
			<Filter>addons\ofxLineaDeTiempo\libs\ofxLineaDeTiempo\src\Controller</Filter>
		</ClCompile>
		<ClCompile Include="..\..\..\addons\ofxLineaDeTiempo\libs\ofxLineaDeTiempo\src\Controller\KeyframeController.cpp">
			<Filter>addons\ofxLineaDeTiempo\libs\ofxLineaDeTiempo\src\Controller</Filter>
		</ClCompile>
		<ClCompile Include="..\..\..\addons\ofxLineaDeTiempo\libs\ofxLineaDeTiempo\src\Controller\KeyframeRegionController.cpp">
			<Filter>addons\ofxLineaDeTiempo\libs\ofxLineaDeTiempo\src\Controller</Filter>
		</ClCompile>
		<ClCompile Include="..\..\..\addons\ofxLineaDeTiempo\libs\ofxLineaDeTiempo\src\Controller\KeyframeTrackController.cpp">
			<Filter>addons\ofxLineaDeTiempo\libs\ofxLineaDeTiempo\src\Controller</Filter>
		</ClCompile>
		<ClCompile Include="..\..\..\addons\ofxLineaDeTiempo\libs\ofxLineaDeTiempo\src\Controller\RegionController.cpp">
			<Filter>addons\ofxLineaDeTiempo\libs\ofxLineaDeTiempo\src\Controller</Filter>
		</ClCompile>
		<ClCompile Include="..\..\..\addons\ofxLineaDeTiempo\libs\ofxLineaDeTiempo\src\Controller\TimeControl.cpp">
			<Filter>addons\ofxLineaDeTiempo\libs\ofxLineaDeTiempo\src\Controller</Filter>
		</ClCompile>
		<ClCompile Include="..\..\..\addons\ofxLineaDeTiempo\libs\ofxLineaDeTiempo\src\Controller\TrackController.cpp">
			<Filter>addons\ofxLineaDeTiempo\libs\ofxLineaDeTiempo\src\Controller</Filter>
		</ClCompile>
		<ClCompile Include="..\..\..\addons\ofxLineaDeTiempo\libs\ofxLineaDeTiempo\src\Controller\TrackGroupController.cpp">
			<Filter>addons\ofxLineaDeTiempo\libs\ofxLineaDeTiempo\src\Controller</Filter>
		</ClCompile>
		<ClCompile Include="..\..\..\addons\ofxLineaDeTiempo\libs\ofxLineaDeTiempo\src\Controller\TracksPanelController.cpp">
			<Filter>addons\ofxLineaDeTiempo\libs\ofxLineaDeTiempo\src\Controller</Filter>
		</ClCompile>
		<ClCompile Include="..\..\..\addons\ofxLineaDeTiempo\libs\ofxLineaDeTiempo\src\Data\KeyframedData.cpp">
			<Filter>addons\ofxLineaDeTiempo\libs\ofxLineaDeTiempo\src\Data</Filter>
		</ClCompile>
		<ClCompile Include="..\..\..\addons\ofxLineaDeTiempo\libs\ofxLineaDeTiempo\src\Data\TimedData.cpp">
			<Filter>addons\ofxLineaDeTiempo\libs\ofxLineaDeTiempo\src\Data</Filter>
		</ClCompile>
		<ClCompile Include="..\..\..\addons\ofxLineaDeTiempo\libs\ofxLineaDeTiempo\src\Utils\ConstVars.cpp">
			<Filter>addons\ofxLineaDeTiempo\libs\ofxLineaDeTiempo\src\Utils</Filter>
		</ClCompile>
		<ClCompile Include="..\..\..\addons\ofxLineaDeTiempo\libs\ofxLineaDeTiempo\src\View\BaseTrackView.cpp">
			<Filter>addons\ofxLineaDeTiempo\libs\ofxLineaDeTiempo\src\View</Filter>
		</ClCompile>
		<ClCompile Include="..\..\..\addons\ofxLineaDeTiempo\libs\ofxLineaDeTiempo\src\View\KeyframeCollectionView.cpp">
			<Filter>addons\ofxLineaDeTiempo\libs\ofxLineaDeTiempo\src\View</Filter>
		</ClCompile>
		<ClCompile Include="..\..\..\addons\ofxLineaDeTiempo\libs\ofxLineaDeTiempo\src\View\KeyframesRegionView.cpp">
			<Filter>addons\ofxLineaDeTiempo\libs\ofxLineaDeTiempo\src\View</Filter>
		</ClCompile>
		<ClCompile Include="..\..\..\addons\ofxLineaDeTiempo\libs\ofxLineaDeTiempo\src\View\KeyframeTrackHeader.cpp">
			<Filter>addons\ofxLineaDeTiempo\libs\ofxLineaDeTiempo\src\View</Filter>
		</ClCompile>
		<ClCompile Include="..\..\..\addons\ofxLineaDeTiempo\libs\ofxLineaDeTiempo\src\View\KeyframeTrackView.cpp">
			<Filter>addons\ofxLineaDeTiempo\libs\ofxLineaDeTiempo\src\View</Filter>
		</ClCompile>
		<ClCompile Include="..\..\..\addons\ofxLineaDeTiempo\libs\ofxLineaDeTiempo\src\View\KeyframeView.cpp">
			<Filter>addons\ofxLineaDeTiempo\libs\ofxLineaDeTiempo\src\View</Filter>
		</ClCompile>
		<ClCompile Include="..\..\..\addons\ofxLineaDeTiempo\libs\ofxLineaDeTiempo\src\View\MainRenderer.cpp">
			<Filter>addons\ofxLineaDeTiempo\libs\ofxLineaDeTiempo\src\View</Filter>
		</ClCompile>
		<ClCompile Include="..\..\..\addons\ofxLineaDeTiempo\libs\ofxLineaDeTiempo\src\View\ModalView.cpp">
			<Filter>addons\ofxLineaDeTiempo\libs\ofxLineaDeTiempo\src\View</Filter>
		</ClCompile>
		<ClCompile Include="..\..\..\addons\ofxLineaDeTiempo\libs\ofxLineaDeTiempo\src\View\ofxGuiView.cpp">
			<Filter>addons\ofxLineaDeTiempo\libs\ofxLineaDeTiempo\src\View</Filter>
		</ClCompile>
		<ClCompile Include="..\..\..\addons\ofxLineaDeTiempo\libs\ofxLineaDeTiempo\src\View\Playhead.cpp">
			<Filter>addons\ofxLineaDeTiempo\libs\ofxLineaDeTiempo\src\View</Filter>
		</ClCompile>
		<ClCompile Include="..\..\..\addons\ofxLineaDeTiempo\libs\ofxLineaDeTiempo\src\View\RegionHeaderView.cpp">
			<Filter>addons\ofxLineaDeTiempo\libs\ofxLineaDeTiempo\src\View</Filter>
		</ClCompile>
		<ClCompile Include="..\..\..\addons\ofxLineaDeTiempo\libs\ofxLineaDeTiempo\src\View\RegionView.cpp">
			<Filter>addons\ofxLineaDeTiempo\libs\ofxLineaDeTiempo\src\View</Filter>
		</ClCompile>
		<ClCompile Include="..\..\..\addons\ofxLineaDeTiempo\libs\ofxLineaDeTiempo\src\View\Selector.cpp">
			<Filter>addons\ofxLineaDeTiempo\libs\ofxLineaDeTiempo\src\View</Filter>
		</ClCompile>
		<ClCompile Include="..\..\..\addons\ofxLineaDeTiempo\libs\ofxLineaDeTiempo\src\View\TimeControlView.cpp">
			<Filter>addons\ofxLineaDeTiempo\libs\ofxLineaDeTiempo\src\View</Filter>
		</ClCompile>
		<ClCompile Include="..\..\..\addons\ofxLineaDeTiempo\libs\ofxLineaDeTiempo\src\View\TimelineDocument.cpp">
			<Filter>addons\ofxLineaDeTiempo\libs\ofxLineaDeTiempo\src\View</Filter>
		</ClCompile>
		<ClCompile Include="..\..\..\addons\ofxLineaDeTiempo\libs\ofxLineaDeTiempo\src\View\TimeModifierView.cpp">
			<Filter>addons\ofxLineaDeTiempo\libs\ofxLineaDeTiempo\src\View</Filter>
		</ClCompile>
		<ClCompile Include="..\..\..\addons\ofxLineaDeTiempo\libs\ofxLineaDeTiempo\src\View\TimeRuler.cpp">
			<Filter>addons\ofxLineaDeTiempo\libs\ofxLineaDeTiempo\src\View</Filter>
		</ClCompile>
		<ClCompile Include="..\..\..\addons\ofxLineaDeTiempo\libs\ofxLineaDeTiempo\src\View\TimeRulerBar.cpp">
			<Filter>addons\ofxLineaDeTiempo\libs\ofxLineaDeTiempo\src\View</Filter>
		</ClCompile>
		<ClCompile Include="..\..\..\addons\ofxLineaDeTiempo\libs\ofxLineaDeTiempo\src\View\TimeRulerHeader.cpp">
			<Filter>addons\ofxLineaDeTiempo\libs\ofxLineaDeTiempo\src\View</Filter>
		</ClCompile>
		<ClCompile Include="..\..\..\addons\ofxLineaDeTiempo\libs\ofxLineaDeTiempo\src\View\TrackGroupView.cpp">
			<Filter>addons\ofxLineaDeTiempo\libs\ofxLineaDeTiempo\src\View</Filter>
		</ClCompile>
		<ClCompile Include="..\..\..\addons\ofxLineaDeTiempo\libs\ofxLineaDeTiempo\src\View\TrackHeader.cpp">
			<Filter>addons\ofxLineaDeTiempo\libs\ofxLineaDeTiempo\src\View</Filter>
		</ClCompile>
		<ClCompile Include="..\..\..\addons\ofxLineaDeTiempo\libs\ofxLineaDeTiempo\src\View\TrackHeaderGroup.cpp">
			<Filter>addons\ofxLineaDeTiempo\libs\ofxLineaDeTiempo\src\View</Filter>
		</ClCompile>
		<ClCompile Include="..\..\..\addons\ofxLineaDeTiempo\libs\ofxLineaDeTiempo\src\View\TracksClippedView.cpp">
			<Filter>addons\ofxLineaDeTiempo\libs\ofxLineaDeTiempo\src\View</Filter>
		</ClCompile>
		<ClCompile Include="..\..\..\addons\ofxLineaDeTiempo\libs\ofxLineaDeTiempo\src\View\TracksPanel.cpp">
			<Filter>addons\ofxLineaDeTiempo\libs\ofxLineaDeTiempo\src\View</Filter>
		</ClCompile>
		<ClCompile Include="..\..\..\addons\ofxLineaDeTiempo\libs\ofxLineaDeTiempo\src\View\TrackView.cpp">
			<Filter>addons\ofxLineaDeTiempo\libs\ofxLineaDeTiempo\src\View</Filter>
		</ClCompile>
		<ClCompile Include="..\..\..\addons\ofxLineaDeTiempo\libs\ofxMUI\src\AutoReziseContainer.cpp">
			<Filter>addons\ofxLineaDeTiempo\libs\ofxMUI\src</Filter>
		</ClCompile>
		<ClCompile Include="..\..\..\addons\ofxLineaDeTiempo\libs\ofxMUI\src\Axis.cpp">
			<Filter>addons\ofxLineaDeTiempo\libs\ofxMUI\src</Filter>
		</ClCompile>
		<ClCompile Include="..\..\..\addons\ofxLineaDeTiempo\libs\ofxMUI\src\Button.cpp">
			<Filter>addons\ofxLineaDeTiempo\libs\ofxMUI\src</Filter>
		</ClCompile>
		<ClCompile Include="..\..\..\addons\ofxLineaDeTiempo\libs\ofxMUI\src\ButtonGroup.cpp">
			<Filter>addons\ofxLineaDeTiempo\libs\ofxMUI\src</Filter>
		</ClCompile>
		<ClCompile Include="..\..\..\addons\ofxLineaDeTiempo\libs\ofxMUI\src\ClippedView.cpp">
			<Filter>addons\ofxLineaDeTiempo\libs\ofxMUI\src</Filter>
		</ClCompile>
		<ClCompile Include="..\..\..\addons\ofxLineaDeTiempo\libs\ofxMUI\src\Constants.cpp">
			<Filter>addons\ofxLineaDeTiempo\libs\ofxMUI\src</Filter>
		</ClCompile>
		<ClCompile Include="..\..\..\addons\ofxLineaDeTiempo\libs\ofxMUI\src\Follower.cpp">
			<Filter>addons\ofxLineaDeTiempo\libs\ofxMUI\src</Filter>
		</ClCompile>
		<ClCompile Include="..\..\..\addons\ofxLineaDeTiempo\libs\ofxMUI\src\Handles\BaseScrollHandle.cpp">
			<Filter>addons\ofxLineaDeTiempo\libs\ofxMUI\src\Handles</Filter>
		</ClCompile>
		<ClCompile Include="..\..\..\addons\ofxLineaDeTiempo\libs\ofxMUI\src\Handles\ConstrainedGrabHandle.cpp">
			<Filter>addons\ofxLineaDeTiempo\libs\ofxMUI\src\Handles</Filter>
		</ClCompile>
		<ClCompile Include="..\..\..\addons\ofxLineaDeTiempo\libs\ofxMUI\src\Handles\EdgeHandle.cpp">
			<Filter>addons\ofxLineaDeTiempo\libs\ofxMUI\src\Handles</Filter>
		</ClCompile>
		<ClCompile Include="..\..\..\addons\ofxLineaDeTiempo\libs\ofxMUI\src\Handles\ResizableHandle.cpp">
			<Filter>addons\ofxLineaDeTiempo\libs\ofxMUI\src\Handles</Filter>
		</ClCompile>
		<ClCompile Include="..\..\..\addons\ofxLineaDeTiempo\libs\ofxMUI\src\Icon.cpp">
			<Filter>addons\ofxLineaDeTiempo\libs\ofxMUI\src</Filter>
		</ClCompile>
		<ClCompile Include="..\..\..\addons\ofxLineaDeTiempo\libs\ofxMUI\src\Label.cpp">
			<Filter>addons\ofxLineaDeTiempo\libs\ofxMUI\src</Filter>
		</ClCompile>
		<ClCompile Include="..\..\..\addons\ofxLineaDeTiempo\libs\ofxMUI\src\Panel.cpp">
			<Filter>addons\ofxLineaDeTiempo\libs\ofxMUI\src</Filter>
		</ClCompile>
		<ClCompile Include="..\..\..\addons\ofxLineaDeTiempo\libs\ofxMUI\src\Shadow.cpp">
			<Filter>addons\ofxLineaDeTiempo\libs\ofxMUI\src</Filter>
		</ClCompile>
		<ClCompile Include="..\..\..\addons\ofxLineaDeTiempo\libs\ofxMUI\src\SliderGroup.cpp">
			<Filter>addons\ofxLineaDeTiempo\libs\ofxMUI\src</Filter>
		</ClCompile>
		<ClCompile Include="..\..\..\addons\ofxLineaDeTiempo\libs\ofxMUI\src\Styles.cpp">
			<Filter>addons\ofxLineaDeTiempo\libs\ofxMUI\src</Filter>
		</ClCompile>
		<ClCompile Include="..\..\..\addons\ofxLineaDeTiempo\libs\ofxMUI\src\Utils.cpp">
			<Filter>addons\ofxLineaDeTiempo\libs\ofxMUI\src</Filter>
		</ClCompile>
		<ClCompile Include="..\..\..\addons\ofxLineaDeTiempo\libs\ofxMUI\src\Widget.cpp">
			<Filter>addons\ofxLineaDeTiempo\libs\ofxMUI\src</Filter>
		</ClCompile>
		<ClCompile Include="..\..\..\addons\ofxLineaDeTiempo\libs\ofxMUI\src\ZoomablePanel.cpp">
			<Filter>addons\ofxLineaDeTiempo\libs\ofxMUI\src</Filter>
		</ClCompile>
		<ClCompile Include="..\..\..\addons\ofxLineaDeTiempo\libs\ofxMUI\src\ZoomScrollbar.cpp">
			<Filter>addons\ofxLineaDeTiempo\libs\ofxMUI\src</Filter>
		</ClCompile>
		<ClCompile Include="..\..\..\addons\ofxLineaDeTiempo\libs\ofxPointer\src\PointerEvents.cpp">
			<Filter>addons\ofxLineaDeTiempo\libs\ofxPointer\src</Filter>
		</ClCompile>
		<ClCompile Include="..\..\..\addons\ofxLineaDeTiempo\libs\ofxPointer\src\PointerEventsiOS.mm">
			<Filter>addons\ofxLineaDeTiempo\libs\ofxPointer\src</Filter>
		</ClCompile>
		<ClCompile Include="..\..\..\addons\ofxLineaDeTiempo\libs\ofxPointer\src\PointerEventsMacOS.mm">
			<Filter>addons\ofxLineaDeTiempo\libs\ofxPointer\src</Filter>
		</ClCompile>
		<ClCompile Include="..\..\..\addons\ofxLineaDeTiempo\libs\ofxPointer\src\PointerStrokes.cpp">
			<Filter>addons\ofxLineaDeTiempo\libs\ofxPointer\src</Filter>
		</ClCompile>
		<ClCompile Include="..\..\..\addons\ofxLineaDeTiempo\libs\ofxTimecode\src\ofxTimecode.cpp">
			<Filter>addons\ofxLineaDeTiempo\libs\ofxTimecode\src</Filter>
		</ClCompile>
	</ItemGroup>
	<ItemGroup>
		<Filter Include="src">
			<UniqueIdentifier>{d8376475-7454-4a24-b08a-aac121d3ad6f}</UniqueIdentifier>
		</Filter>
		<Filter Include="addons">
			<UniqueIdentifier>{4C90B55B--A7F-C-4D-A3-9-7F3-7830DBB01BFE}</UniqueIdentifier>
		</Filter>
		<Filter Include="addons\ofxGui">
			<UniqueIdentifier>{D1FE7297--EF7-F-4B-B0-B-CC2-AF8FAF89E1FD}</UniqueIdentifier>
		</Filter>
		<Filter Include="addons\ofxGui\src">
			<UniqueIdentifier>{5B1A6E76--72B-2-43-92-8-AEB-B2F14191DA5F}</UniqueIdentifier>
		</Filter>
		<Filter Include="addons\ofxLineaDeTiempo">
			<UniqueIdentifier>{8497B999--1E8-C-46-0F-A-23E-66C43DE0AE5D}</UniqueIdentifier>
		</Filter>
		<Filter Include="addons\ofxLineaDeTiempo\src">
			<UniqueIdentifier>{30C6D257--B6D-5-4C-A8-B-582-925435CA0D3A}</UniqueIdentifier>
		</Filter>
		<Filter Include="addons\ofxLineaDeTiempo\libs">
			<UniqueIdentifier>{AD92405A--6DA-D-49-34-B-A96-41299BFF11DF}</UniqueIdentifier>
		</Filter>
		<Filter Include="addons\ofxLineaDeTiempo\libs\ofxDOM">
			<UniqueIdentifier>{4D321D22--815-4-4E-BF-A-8F1-59CDA9B61338}</UniqueIdentifier>
		</Filter>
		<Filter Include="addons\ofxLineaDeTiempo\libs\ofxDOM\include">
			<UniqueIdentifier>{E3C187E1--EC3-9-4A-EE-9-7B9-54DF8E61A13D}</UniqueIdentifier>
		</Filter>
		<Filter Include="addons\ofxLineaDeTiempo\libs\ofxDOM\include\ofx">
			<UniqueIdentifier>{6FE0DE77--1E3-D-4E-F8-9-85D-37A1D892FC66}</UniqueIdentifier>
		</Filter>
		<Filter Include="addons\ofxLineaDeTiempo\libs\ofxDOM\include\ofx\DOM">
			<UniqueIdentifier>{7F9FCC26--029-F-45-EF-A-ED7-D5513E401CB3}</UniqueIdentifier>
		</Filter>
		<Filter Include="addons\ofxLineaDeTiempo\libs\ofxDOM\src">
			<UniqueIdentifier>{9BDD4029--7A9-F-43-D0-8-E5A-FAD0881F59FC}</UniqueIdentifier>
		</Filter>
		<Filter Include="addons\ofxLineaDeTiempo\libs\ofxLineaDeTiempo">
			<UniqueIdentifier>{F6027F1E--AEA-B-4F-B6-A-C35-F5FEA2290BB2}</UniqueIdentifier>
		</Filter>
		<Filter Include="addons\ofxLineaDeTiempo\libs\ofxLineaDeTiempo\include">
			<UniqueIdentifier>{0A78B84F--626-C-4C-F7-A-37B-CA5FCC386F95}</UniqueIdentifier>
		</Filter>
		<Filter Include="addons\ofxLineaDeTiempo\libs\ofxLineaDeTiempo\include\ofx">
			<UniqueIdentifier>{6F0E7708--52C-C-44-D9-9-F8C-225840079733}</UniqueIdentifier>
		</Filter>
		<Filter Include="addons\ofxLineaDeTiempo\libs\ofxLineaDeTiempo\include\ofx\LineaDeTiempo">
			<UniqueIdentifier>{5BAE3003--73E-D-4A-C0-A-214-2CD7EF0F0E53}</UniqueIdentifier>
		</Filter>
		<Filter Include="addons\ofxLineaDeTiempo\libs\ofxLineaDeTiempo\include\ofx\LineaDeTiempo\BaseTypes">
			<UniqueIdentifier>{1FA98485--70A-5-46-80-B-079-3963FCC68175}</UniqueIdentifier>
		</Filter>
		<Filter Include="addons\ofxLineaDeTiempo\libs\ofxLineaDeTiempo\include\ofx\LineaDeTiempo\Controller">
			<UniqueIdentifier>{32D9CE49--8B6-3-46-82-9-2B5-D36865BD717D}</UniqueIdentifier>
		</Filter>
		<Filter Include="addons\ofxLineaDeTiempo\libs\ofxLineaDeTiempo\include\ofx\LineaDeTiempo\Data">
			<UniqueIdentifier>{08591F83--891-F-41-2B-9-978-86EB098DF340}</UniqueIdentifier>
		</Filter>
		<Filter Include="addons\ofxLineaDeTiempo\libs\ofxLineaDeTiempo\include\ofx\LineaDeTiempo\Utils">
			<UniqueIdentifier>{BCD3B0C2--83A-6-4C-E0-B-3C2-5B9BC07D684D}</UniqueIdentifier>
		</Filter>
		<Filter Include="addons\ofxLineaDeTiempo\libs\ofxLineaDeTiempo\include\ofx\LineaDeTiempo\View">
			<UniqueIdentifier>{33CB88B5--AFA-A-4C-73-9-37F-67F5845C271D}</UniqueIdentifier>
		</Filter>
		<Filter Include="addons\ofxLineaDeTiempo\libs\ofxLineaDeTiempo\src">
			<UniqueIdentifier>{E8F52791--D17-6-45-C7-9-FBF-0AC8B38175F3}</UniqueIdentifier>
		</Filter>
		<Filter Include="addons\ofxLineaDeTiempo\libs\ofxLineaDeTiempo\src\Controller">
			<UniqueIdentifier>{32F59C93--60E-C-44-D6-A-BAD-6A85B2D13A26}</UniqueIdentifier>
		</Filter>
		<Filter Include="addons\ofxLineaDeTiempo\libs\ofxLineaDeTiempo\src\Data">
			<UniqueIdentifier>{E3F0DB63--F3D-4-4A-A9-8-ECE-992784DB96A8}</UniqueIdentifier>
		</Filter>
		<Filter Include="addons\ofxLineaDeTiempo\libs\ofxLineaDeTiempo\src\Utils">
			<UniqueIdentifier>{DEF01721--127-C-4D-21-9-C4F-9CC7799825A8}</UniqueIdentifier>
		</Filter>
		<Filter Include="addons\ofxLineaDeTiempo\libs\ofxLineaDeTiempo\src\View">
			<UniqueIdentifier>{9736B52C--112-6-4F-DF-B-A96-7F3C81A8FEDD}</UniqueIdentifier>
		</Filter>
		<Filter Include="addons\ofxLineaDeTiempo\libs\ofxMUI">
			<UniqueIdentifier>{4531D266--FCD-9-4F-64-9-BAA-6F6962B0D26E}</UniqueIdentifier>
		</Filter>
		<Filter Include="addons\ofxLineaDeTiempo\libs\ofxMUI\include">
			<UniqueIdentifier>{8E562FB9--6BD-6-4C-4B-8-163-A79854477681}</UniqueIdentifier>
		</Filter>
		<Filter Include="addons\ofxLineaDeTiempo\libs\ofxMUI\include\ofx">
			<UniqueIdentifier>{F90B4E99--093-7-44-11-B-7EC-B5A2E92170C8}</UniqueIdentifier>
		</Filter>
		<Filter Include="addons\ofxLineaDeTiempo\libs\ofxMUI\include\ofx\MUI">
			<UniqueIdentifier>{50610F88--4BE-6-44-36-9-889-CEF874C455DE}</UniqueIdentifier>
		</Filter>
		<Filter Include="addons\ofxLineaDeTiempo\libs\ofxMUI\include\ofx\MUI\Handles">
			<UniqueIdentifier>{53EB25DF--3B4-E-49-E3-A-B26-9E9AA71914F8}</UniqueIdentifier>
		</Filter>
		<Filter Include="addons\ofxLineaDeTiempo\libs\ofxMUI\src">
			<UniqueIdentifier>{0D2FB923--BA0-9-4D-05-B-270-62EDB7985D7B}</UniqueIdentifier>
		</Filter>
		<Filter Include="addons\ofxLineaDeTiempo\libs\ofxMUI\src\Handles">
			<UniqueIdentifier>{D3D5A49E--576-4-4F-6D-B-152-353EA41833CB}</UniqueIdentifier>
		</Filter>
		<Filter Include="addons\ofxLineaDeTiempo\libs\ofxPointer">
			<UniqueIdentifier>{BE0B9B85--BDB-1-42-49-8-B35-9828D9F1AEEB}</UniqueIdentifier>
		</Filter>
		<Filter Include="addons\ofxLineaDeTiempo\libs\ofxPointer\include">
			<UniqueIdentifier>{3D641D4D--62C-9-4A-CC-A-F95-C6FDC491C1A5}</UniqueIdentifier>
		</Filter>
		<Filter Include="addons\ofxLineaDeTiempo\libs\ofxPointer\include\ofx">
			<UniqueIdentifier>{6E1100D0--114-B-46-F5-B-84E-29323DB9B8AD}</UniqueIdentifier>
		</Filter>
		<Filter Include="addons\ofxLineaDeTiempo\libs\ofxPointer\src">
			<UniqueIdentifier>{85059282--D04-5-45-A5-9-4D7-99E5915AEAAE}</UniqueIdentifier>
		</Filter>
		<Filter Include="addons\ofxLineaDeTiempo\libs\ofxRange">
			<UniqueIdentifier>{B7E207B7--457-B-4E-1E-9-E9F-6E88ED5DEED2}</UniqueIdentifier>
		</Filter>
		<Filter Include="addons\ofxLineaDeTiempo\libs\ofxRange\include">
			<UniqueIdentifier>{B352EA18--15E-B-4B-A1-9-B70-4AFC53525CE8}</UniqueIdentifier>
		</Filter>
		<Filter Include="addons\ofxLineaDeTiempo\libs\ofxTimecode">
			<UniqueIdentifier>{5F67CCEA--806-A-44-6A-9-6D3-AE33AE667472}</UniqueIdentifier>
		</Filter>
		<Filter Include="addons\ofxLineaDeTiempo\libs\ofxTimecode\include">
			<UniqueIdentifier>{CF49426B--C7C-1-42-32-A-761-3E9EED7F8967}</UniqueIdentifier>
		</Filter>
		<Filter Include="addons\ofxLineaDeTiempo\libs\ofxTimecode\src">
			<UniqueIdentifier>{E4796B2C--BC0-A-4D-BC-B-3BB-A3156BE45AA8}</UniqueIdentifier>
		</Filter>
	</ItemGroup>
	<ItemGroup>
		<ClInclude Include="src\ofApp.h">
			<Filter>src</Filter>
		</ClInclude>
		<ClInclude Include="src\ofApp.h">
			<Filter>src</Filter>
		</ClInclude>
		<ClInclude Include="..\..\..\addons\ofxGui\src\ofxBaseGui.h">
			<Filter>addons\ofxGui\src</Filter>
		</ClInclude>
		<ClInclude Include="..\..\..\addons\ofxGui\src\ofxButton.h">
			<Filter>addons\ofxGui\src</Filter>
		</ClInclude>
		<ClInclude Include="..\..\..\addons\ofxGui\src\ofxColorPicker.h">
			<Filter>addons\ofxGui\src</Filter>
		</ClInclude>
		<ClInclude Include="..\..\..\addons\ofxGui\src\ofxGui.h">
			<Filter>addons\ofxGui\src</Filter>
		</ClInclude>
		<ClInclude Include="..\..\..\addons\ofxGui\src\ofxGuiGroup.h">
			<Filter>addons\ofxGui\src</Filter>
		</ClInclude>
		<ClInclude Include="..\..\..\addons\ofxGui\src\ofxGuiUtils.h">
			<Filter>addons\ofxGui\src</Filter>
		</ClInclude>
		<ClInclude Include="..\..\..\addons\ofxGui\src\ofxInputField.h">
			<Filter>addons\ofxGui\src</Filter>
		</ClInclude>
		<ClInclude Include="..\..\..\addons\ofxGui\src\ofxLabel.h">
			<Filter>addons\ofxGui\src</Filter>
		</ClInclude>
		<ClInclude Include="..\..\..\addons\ofxGui\src\ofxPanel.h">
			<Filter>addons\ofxGui\src</Filter>
		</ClInclude>
		<ClInclude Include="..\..\..\addons\ofxGui\src\ofxSlider.h">
			<Filter>addons\ofxGui\src</Filter>
		</ClInclude>
		<ClInclude Include="..\..\..\addons\ofxGui\src\ofxSliderGroup.h">
			<Filter>addons\ofxGui\src</Filter>
		</ClInclude>
		<ClInclude Include="..\..\..\addons\ofxGui\src\ofxToggle.h">
			<Filter>addons\ofxGui\src</Filter>
		</ClInclude>
		<ClInclude Include="..\..\..\addons\ofxLineaDeTiempo\src\ofxLineaDeTiempo.h">
			<Filter>addons\ofxLineaDeTiempo\src</Filter>
		</ClInclude>
		<ClInclude Include="..\..\..\addons\ofxLineaDeTiempo\libs\ofxDOM\include\ofx\DOM\CapturedPointer.h">
			<Filter>addons\ofxLineaDeTiempo\libs\ofxDOM\include\ofx\DOM</Filter>
		</ClInclude>
		<ClInclude Include="..\..\..\addons\ofxLineaDeTiempo\libs\ofxDOM\include\ofx\DOM\Document.h">
			<Filter>addons\ofxLineaDeTiempo\libs\ofxDOM\include\ofx\DOM</Filter>
		</ClInclude>
		<ClInclude Include="..\..\..\addons\ofxLineaDeTiempo\libs\ofxDOM\include\ofx\DOM\Element.h">
			<Filter>addons\ofxLineaDeTiempo\libs\ofxDOM\include\ofx\DOM</Filter>
		</ClInclude>
		<ClInclude Include="..\..\..\addons\ofxLineaDeTiempo\libs\ofxDOM\include\ofx\DOM\Events.h">
			<Filter>addons\ofxLineaDeTiempo\libs\ofxDOM\include\ofx\DOM</Filter>
		</ClInclude>
		<ClInclude Include="..\..\..\addons\ofxLineaDeTiempo\libs\ofxDOM\include\ofx\DOM\EventTarget.h">
			<Filter>addons\ofxLineaDeTiempo\libs\ofxDOM\include\ofx\DOM</Filter>
		</ClInclude>
		<ClInclude Include="..\..\..\addons\ofxLineaDeTiempo\libs\ofxDOM\include\ofx\DOM\Exceptions.h">
			<Filter>addons\ofxLineaDeTiempo\libs\ofxDOM\include\ofx\DOM</Filter>
		</ClInclude>
		<ClInclude Include="..\..\..\addons\ofxLineaDeTiempo\libs\ofxDOM\include\ofx\DOM\Layout.h">
			<Filter>addons\ofxLineaDeTiempo\libs\ofxDOM\include\ofx\DOM</Filter>
		</ClInclude>
		<ClInclude Include="..\..\..\addons\ofxLineaDeTiempo\libs\ofxDOM\include\ofx\DOM\Node.h">
			<Filter>addons\ofxLineaDeTiempo\libs\ofxDOM\include\ofx\DOM</Filter>
		</ClInclude>
		<ClInclude Include="..\..\..\addons\ofxLineaDeTiempo\libs\ofxDOM\include\ofx\DOM\NodeEvents.h">
			<Filter>addons\ofxLineaDeTiempo\libs\ofxDOM\include\ofx\DOM</Filter>
		</ClInclude>
		<ClInclude Include="..\..\..\addons\ofxLineaDeTiempo\libs\ofxDOM\include\ofx\DOM\Types.h">
			<Filter>addons\ofxLineaDeTiempo\libs\ofxDOM\include\ofx\DOM</Filter>
		</ClInclude>
		<ClInclude Include="..\..\..\addons\ofxLineaDeTiempo\libs\ofxDOM\include\ofxDOM.h">
			<Filter>addons\ofxLineaDeTiempo\libs\ofxDOM\include</Filter>
		</ClInclude>
		<ClInclude Include="..\..\..\addons\ofxLineaDeTiempo\libs\ofxLineaDeTiempo\include\ofx\LineaDeTiempo\BaseTypes\AbstractSerializable.h">
			<Filter>addons\ofxLineaDeTiempo\libs\ofxLineaDeTiempo\include\ofx\LineaDeTiempo\BaseTypes</Filter>
		</ClInclude>
		<ClInclude Include="..\..\..\addons\ofxLineaDeTiempo\libs\ofxLineaDeTiempo\include\ofx\LineaDeTiempo\BaseTypes\BaseHasCollection.h">
			<Filter>addons\ofxLineaDeTiempo\libs\ofxLineaDeTiempo\include\ofx\LineaDeTiempo\BaseTypes</Filter>
		</ClInclude>
		<ClInclude Include="..\..\..\addons\ofxLineaDeTiempo\libs\ofxLineaDeTiempo\include\ofx\LineaDeTiempo\BaseTypes\BaseSelectable.h">
			<Filter>addons\ofxLineaDeTiempo\libs\ofxLineaDeTiempo\include\ofx\LineaDeTiempo\BaseTypes</Filter>
		</ClInclude>
		<ClInclude Include="..\..\..\addons\ofxLineaDeTiempo\libs\ofxLineaDeTiempo\include\ofx\LineaDeTiempo\BaseTypes\NamedConstPointerCollection.h">
			<Filter>addons\ofxLineaDeTiempo\libs\ofxLineaDeTiempo\include\ofx\LineaDeTiempo\BaseTypes</Filter>
		</ClInclude>
		<ClInclude Include="..\..\..\addons\ofxLineaDeTiempo\libs\ofxLineaDeTiempo\include\ofx\LineaDeTiempo\Controller\BaseController.h">
			<Filter>addons\ofxLineaDeTiempo\libs\ofxLineaDeTiempo\include\ofx\LineaDeTiempo\Controller</Filter>
		</ClInclude>
		<ClInclude Include="..\..\..\addons\ofxLineaDeTiempo\libs\ofxLineaDeTiempo\include\ofx\LineaDeTiempo\Controller\Interpolator.h">
			<Filter>addons\ofxLineaDeTiempo\libs\ofxLineaDeTiempo\include\ofx\LineaDeTiempo\Controller</Filter>
		</ClInclude>
		<ClInclude Include="..\..\..\addons\ofxLineaDeTiempo\libs\ofxLineaDeTiempo\include\ofx\LineaDeTiempo\Controller\KeyframeCollectionController.h">
			<Filter>addons\ofxLineaDeTiempo\libs\ofxLineaDeTiempo\include\ofx\LineaDeTiempo\Controller</Filter>
		</ClInclude>
		<ClInclude Include="..\..\..\addons\ofxLineaDeTiempo\libs\ofxLineaDeTiempo\include\ofx\LineaDeTiempo\Controller\KeyframeController.h">
			<Filter>addons\ofxLineaDeTiempo\libs\ofxLineaDeTiempo\include\ofx\LineaDeTiempo\Controller</Filter>
		</ClInclude>
		<ClInclude Include="..\..\..\addons\ofxLineaDeTiempo\libs\ofxLineaDeTiempo\include\ofx\LineaDeTiempo\Controller\KeyframeRegionController.h">
			<Filter>addons\ofxLineaDeTiempo\libs\ofxLineaDeTiempo\include\ofx\LineaDeTiempo\Controller</Filter>
		</ClInclude>
		<ClInclude Include="..\..\..\addons\ofxLineaDeTiempo\libs\ofxLineaDeTiempo\include\ofx\LineaDeTiempo\Controller\KeyframeTrackController.h">
			<Filter>addons\ofxLineaDeTiempo\libs\ofxLineaDeTiempo\include\ofx\LineaDeTiempo\Controller</Filter>
		</ClInclude>
		<ClInclude Include="..\..\..\addons\ofxLineaDeTiempo\libs\ofxLineaDeTiempo\include\ofx\LineaDeTiempo\Controller\RegionController.h">
			<Filter>addons\ofxLineaDeTiempo\libs\ofxLineaDeTiempo\include\ofx\LineaDeTiempo\Controller</Filter>
		</ClInclude>
		<ClInclude Include="..\..\..\addons\ofxLineaDeTiempo\libs\ofxLineaDeTiempo\include\ofx\LineaDeTiempo\Controller\TimeControl.h">
			<Filter>addons\ofxLineaDeTiempo\libs\ofxLineaDeTiempo\include\ofx\LineaDeTiempo\Controller</Filter>
		</ClInclude>
		<ClInclude Include="..\..\..\addons\ofxLineaDeTiempo\libs\ofxLineaDeTiempo\include\ofx\LineaDeTiempo\Controller\TrackController.h">
			<Filter>addons\ofxLineaDeTiempo\libs\ofxLineaDeTiempo\include\ofx\LineaDeTiempo\Controller</Filter>
		</ClInclude>
		<ClInclude Include="..\..\..\addons\ofxLineaDeTiempo\libs\ofxLineaDeTiempo\include\ofx\LineaDeTiempo\Controller\TrackGroupController.h">
			<Filter>addons\ofxLineaDeTiempo\libs\ofxLineaDeTiempo\include\ofx\LineaDeTiempo\Controller</Filter>
		</ClInclude>
		<ClInclude Include="..\..\..\addons\ofxLineaDeTiempo\libs\ofxLineaDeTiempo\include\ofx\LineaDeTiempo\Controller\TracksPanelController.h">
			<Filter>addons\ofxLineaDeTiempo\libs\ofxLineaDeTiempo\include\ofx\LineaDeTiempo\Controller</Filter>
		</ClInclude>
		<ClInclude Include="..\..\..\addons\ofxLineaDeTiempo\libs\ofxLineaDeTiempo\include\ofx\LineaDeTiempo\Data\jsonSerializer.h">
			<Filter>addons\ofxLineaDeTiempo\libs\ofxLineaDeTiempo\include\ofx\LineaDeTiempo\Data</Filter>
		</ClInclude>
		<ClInclude Include="..\..\..\addons\ofxLineaDeTiempo\libs\ofxLineaDeTiempo\include\ofx\LineaDeTiempo\Data\KeyframedData.h">
			<Filter>addons\ofxLineaDeTiempo\libs\ofxLineaDeTiempo\include\ofx\LineaDeTiempo\Data</Filter>
		</ClInclude>
		<ClInclude Include="..\..\..\addons\ofxLineaDeTiempo\libs\ofxLineaDeTiempo\include\ofx\LineaDeTiempo\Data\TimedData.h">
			<Filter>addons\ofxLineaDeTiempo\libs\ofxLineaDeTiempo\include\ofx\LineaDeTiempo\Data</Filter>
		</ClInclude>
		<ClInclude Include="..\..\..\addons\ofxLineaDeTiempo\libs\ofxLineaDeTiempo\include\ofx\LineaDeTiempo\Utils\CollectionHelper.h">
			<Filter>addons\ofxLineaDeTiempo\libs\ofxLineaDeTiempo\include\ofx\LineaDeTiempo\Utils</Filter>
		</ClInclude>
		<ClInclude Include="..\..\..\addons\ofxLineaDeTiempo\libs\ofxLineaDeTiempo\include\ofx\LineaDeTiempo\Utils\ConstVars.h">
			<Filter>addons\ofxLineaDeTiempo\libs\ofxLineaDeTiempo\include\ofx\LineaDeTiempo\Utils</Filter>
		</ClInclude>
		<ClInclude Include="..\..\..\addons\ofxLineaDeTiempo\libs\ofxLineaDeTiempo\include\ofx\LineaDeTiempo\Utils\FontUtils.h">
			<Filter>addons\ofxLineaDeTiempo\libs\ofxLineaDeTiempo\include\ofx\LineaDeTiempo\Utils</Filter>
		</ClInclude>
		<ClInclude Include="..\..\..\addons\ofxLineaDeTiempo\libs\ofxLineaDeTiempo\include\ofx\LineaDeTiempo\Utils\ofxTypeTraits.h">
			<Filter>addons\ofxLineaDeTiempo\libs\ofxLineaDeTiempo\include\ofx\LineaDeTiempo\Utils</Filter>
		</ClInclude>
		<ClInclude Include="..\..\..\addons\ofxLineaDeTiempo\libs\ofxLineaDeTiempo\include\ofx\LineaDeTiempo\Utils\ParamHelper.h">
			<Filter>addons\ofxLineaDeTiempo\libs\ofxLineaDeTiempo\include\ofx\LineaDeTiempo\Utils</Filter>
		</ClInclude>
		<ClInclude Include="..\..\..\addons\ofxLineaDeTiempo\libs\ofxLineaDeTiempo\include\ofx\LineaDeTiempo\View\BaseTrackView.h">
			<Filter>addons\ofxLineaDeTiempo\libs\ofxLineaDeTiempo\include\ofx\LineaDeTiempo\View</Filter>
		</ClInclude>
		<ClInclude Include="..\..\..\addons\ofxLineaDeTiempo\libs\ofxLineaDeTiempo\include\ofx\LineaDeTiempo\View\KeyframeCollectionView.h">
			<Filter>addons\ofxLineaDeTiempo\libs\ofxLineaDeTiempo\include\ofx\LineaDeTiempo\View</Filter>
		</ClInclude>
		<ClInclude Include="..\..\..\addons\ofxLineaDeTiempo\libs\ofxLineaDeTiempo\include\ofx\LineaDeTiempo\View\KeyframesRegionView.h">
			<Filter>addons\ofxLineaDeTiempo\libs\ofxLineaDeTiempo\include\ofx\LineaDeTiempo\View</Filter>
		</ClInclude>
		<ClInclude Include="..\..\..\addons\ofxLineaDeTiempo\libs\ofxLineaDeTiempo\include\ofx\LineaDeTiempo\View\KeyframeTrackHeader.h">
			<Filter>addons\ofxLineaDeTiempo\libs\ofxLineaDeTiempo\include\ofx\LineaDeTiempo\View</Filter>
		</ClInclude>
		<ClInclude Include="..\..\..\addons\ofxLineaDeTiempo\libs\ofxLineaDeTiempo\include\ofx\LineaDeTiempo\View\KeyframeTrackView.h">
			<Filter>addons\ofxLineaDeTiempo\libs\ofxLineaDeTiempo\include\ofx\LineaDeTiempo\View</Filter>
		</ClInclude>
		<ClInclude Include="..\..\..\addons\ofxLineaDeTiempo\libs\ofxLineaDeTiempo\include\ofx\LineaDeTiempo\View\KeyframeView.h">
			<Filter>addons\ofxLineaDeTiempo\libs\ofxLineaDeTiempo\include\ofx\LineaDeTiempo\View</Filter>
		</ClInclude>
		<ClInclude Include="..\..\..\addons\ofxLineaDeTiempo\libs\ofxLineaDeTiempo\include\ofx\LineaDeTiempo\View\MainRenderer.h">
			<Filter>addons\ofxLineaDeTiempo\libs\ofxLineaDeTiempo\include\ofx\LineaDeTiempo\View</Filter>
		</ClInclude>
		<ClInclude Include="..\..\..\addons\ofxLineaDeTiempo\libs\ofxLineaDeTiempo\include\ofx\LineaDeTiempo\View\ModalView.h">
			<Filter>addons\ofxLineaDeTiempo\libs\ofxLineaDeTiempo\include\ofx\LineaDeTiempo\View</Filter>
		</ClInclude>
		<ClInclude Include="..\..\..\addons\ofxLineaDeTiempo\libs\ofxLineaDeTiempo\include\ofx\LineaDeTiempo\View\ofxGuiView.h">
			<Filter>addons\ofxLineaDeTiempo\libs\ofxLineaDeTiempo\include\ofx\LineaDeTiempo\View</Filter>
		</ClInclude>
		<ClInclude Include="..\..\..\addons\ofxLineaDeTiempo\libs\ofxLineaDeTiempo\include\ofx\LineaDeTiempo\View\Playhead.h">
			<Filter>addons\ofxLineaDeTiempo\libs\ofxLineaDeTiempo\include\ofx\LineaDeTiempo\View</Filter>
		</ClInclude>
		<ClInclude Include="..\..\..\addons\ofxLineaDeTiempo\libs\ofxLineaDeTiempo\include\ofx\LineaDeTiempo\View\RegionHeaderView.h">
			<Filter>addons\ofxLineaDeTiempo\libs\ofxLineaDeTiempo\include\ofx\LineaDeTiempo\View</Filter>
		</ClInclude>
		<ClInclude Include="..\..\..\addons\ofxLineaDeTiempo\libs\ofxLineaDeTiempo\include\ofx\LineaDeTiempo\View\RegionView.h">
			<Filter>addons\ofxLineaDeTiempo\libs\ofxLineaDeTiempo\include\ofx\LineaDeTiempo\View</Filter>
		</ClInclude>
		<ClInclude Include="..\..\..\addons\ofxLineaDeTiempo\libs\ofxLineaDeTiempo\include\ofx\LineaDeTiempo\View\Selector.h">
			<Filter>addons\ofxLineaDeTiempo\libs\ofxLineaDeTiempo\include\ofx\LineaDeTiempo\View</Filter>
		</ClInclude>
		<ClInclude Include="..\..\..\addons\ofxLineaDeTiempo\libs\ofxLineaDeTiempo\include\ofx\LineaDeTiempo\View\TimeControlView.h">
			<Filter>addons\ofxLineaDeTiempo\libs\ofxLineaDeTiempo\include\ofx\LineaDeTiempo\View</Filter>
		</ClInclude>
		<ClInclude Include="..\..\..\addons\ofxLineaDeTiempo\libs\ofxLineaDeTiempo\include\ofx\LineaDeTiempo\View\TimelineDocument.h">
			<Filter>addons\ofxLineaDeTiempo\libs\ofxLineaDeTiempo\include\ofx\LineaDeTiempo\View</Filter>
		</ClInclude>
		<ClInclude Include="..\..\..\addons\ofxLineaDeTiempo\libs\ofxLineaDeTiempo\include\ofx\LineaDeTiempo\View\TimeModifierView.h">
			<Filter>addons\ofxLineaDeTiempo\libs\ofxLineaDeTiempo\include\ofx\LineaDeTiempo\View</Filter>
		</ClInclude>
		<ClInclude Include="..\..\..\addons\ofxLineaDeTiempo\libs\ofxLineaDeTiempo\include\ofx\LineaDeTiempo\View\TimeRuler.h">
			<Filter>addons\ofxLineaDeTiempo\libs\ofxLineaDeTiempo\include\ofx\LineaDeTiempo\View</Filter>
		</ClInclude>
		<ClInclude Include="..\..\..\addons\ofxLineaDeTiempo\libs\ofxLineaDeTiempo\include\ofx\LineaDeTiempo\View\TimeRulerBar.h">
			<Filter>addons\ofxLineaDeTiempo\libs\ofxLineaDeTiempo\include\ofx\LineaDeTiempo\View</Filter>
		</ClInclude>
		<ClInclude Include="..\..\..\addons\ofxLineaDeTiempo\libs\ofxLineaDeTiempo\include\ofx\LineaDeTiempo\View\TimeRulerHeader.h">
			<Filter>addons\ofxLineaDeTiempo\libs\ofxLineaDeTiempo\include\ofx\LineaDeTiempo\View</Filter>
		</ClInclude>
		<ClInclude Include="..\..\..\addons\ofxLineaDeTiempo\libs\ofxLineaDeTiempo\include\ofx\LineaDeTiempo\View\TrackGroupView.h">
			<Filter>addons\ofxLineaDeTiempo\libs\ofxLineaDeTiempo\include\ofx\LineaDeTiempo\View</Filter>
		</ClInclude>
		<ClInclude Include="..\..\..\addons\ofxLineaDeTiempo\libs\ofxLineaDeTiempo\include\ofx\LineaDeTiempo\View\TrackHeader.h">
			<Filter>addons\ofxLineaDeTiempo\libs\ofxLineaDeTiempo\include\ofx\LineaDeTiempo\View</Filter>
		</ClInclude>
		<ClInclude Include="..\..\..\addons\ofxLineaDeTiempo\libs\ofxLineaDeTiempo\include\ofx\LineaDeTiempo\View\TrackHeaderGroup.h">
			<Filter>addons\ofxLineaDeTiempo\libs\ofxLineaDeTiempo\include\ofx\LineaDeTiempo\View</Filter>
		</ClInclude>
		<ClInclude Include="..\..\..\addons\ofxLineaDeTiempo\libs\ofxLineaDeTiempo\include\ofx\LineaDeTiempo\View\TracksClippedView.h">
			<Filter>addons\ofxLineaDeTiempo\libs\ofxLineaDeTiempo\include\ofx\LineaDeTiempo\View</Filter>
		</ClInclude>
		<ClInclude Include="..\..\..\addons\ofxLineaDeTiempo\libs\ofxLineaDeTiempo\include\ofx\LineaDeTiempo\View\TracksPanel.h">
			<Filter>addons\ofxLineaDeTiempo\libs\ofxLineaDeTiempo\include\ofx\LineaDeTiempo\View</Filter>
		</ClInclude>
		<ClInclude Include="..\..\..\addons\ofxLineaDeTiempo\libs\ofxLineaDeTiempo\include\ofx\LineaDeTiempo\View\TrackView.h">
			<Filter>addons\ofxLineaDeTiempo\libs\ofxLineaDeTiempo\include\ofx\LineaDeTiempo\View</Filter>
		</ClInclude>
		<ClInclude Include="..\..\..\addons\ofxLineaDeTiempo\libs\ofxMUI\include\ofx\MUI\AutoReziseContainer.h">
			<Filter>addons\ofxLineaDeTiempo\libs\ofxMUI\include\ofx\MUI</Filter>
		</ClInclude>
		<ClInclude Include="..\..\..\addons\ofxLineaDeTiempo\libs\ofxMUI\include\ofx\MUI\Axis.h">
			<Filter>addons\ofxLineaDeTiempo\libs\ofxMUI\include\ofx\MUI</Filter>
		</ClInclude>
		<ClInclude Include="..\..\..\addons\ofxLineaDeTiempo\libs\ofxMUI\include\ofx\MUI\Button.h">
			<Filter>addons\ofxLineaDeTiempo\libs\ofxMUI\include\ofx\MUI</Filter>
		</ClInclude>
		<ClInclude Include="..\..\..\addons\ofxLineaDeTiempo\libs\ofxMUI\include\ofx\MUI\ButtonGroup.h">
			<Filter>addons\ofxLineaDeTiempo\libs\ofxMUI\include\ofx\MUI</Filter>
		</ClInclude>
		<ClInclude Include="..\..\..\addons\ofxLineaDeTiempo\libs\ofxMUI\include\ofx\MUI\ClippedView.h">
			<Filter>addons\ofxLineaDeTiempo\libs\ofxMUI\include\ofx\MUI</Filter>
		</ClInclude>
		<ClInclude Include="..\..\..\addons\ofxLineaDeTiempo\libs\ofxMUI\include\ofx\MUI\Constants.h">
			<Filter>addons\ofxLineaDeTiempo\libs\ofxMUI\include\ofx\MUI</Filter>
		</ClInclude>
		<ClInclude Include="..\..\..\addons\ofxLineaDeTiempo\libs\ofxMUI\include\ofx\MUI\Follower.h">
			<Filter>addons\ofxLineaDeTiempo\libs\ofxMUI\include\ofx\MUI</Filter>
		</ClInclude>
		<ClInclude Include="..\..\..\addons\ofxLineaDeTiempo\libs\ofxMUI\include\ofx\MUI\Handles\BaseScrollHandle.h">
			<Filter>addons\ofxLineaDeTiempo\libs\ofxMUI\include\ofx\MUI\Handles</Filter>
		</ClInclude>
		<ClInclude Include="..\..\..\addons\ofxLineaDeTiempo\libs\ofxMUI\include\ofx\MUI\Handles\ConstrainedGrabHandle.h">
			<Filter>addons\ofxLineaDeTiempo\libs\ofxMUI\include\ofx\MUI\Handles</Filter>
		</ClInclude>
		<ClInclude Include="..\..\..\addons\ofxLineaDeTiempo\libs\ofxMUI\include\ofx\MUI\Handles\EdgeHandle.h">
			<Filter>addons\ofxLineaDeTiempo\libs\ofxMUI\include\ofx\MUI\Handles</Filter>
		</ClInclude>
		<ClInclude Include="..\..\..\addons\ofxLineaDeTiempo\libs\ofxMUI\include\ofx\MUI\Handles\ResizableHandle.h">
			<Filter>addons\ofxLineaDeTiempo\libs\ofxMUI\include\ofx\MUI\Handles</Filter>
		</ClInclude>
		<ClInclude Include="..\..\..\addons\ofxLineaDeTiempo\libs\ofxMUI\include\ofx\MUI\Icon.h">
			<Filter>addons\ofxLineaDeTiempo\libs\ofxMUI\include\ofx\MUI</Filter>
		</ClInclude>
		<ClInclude Include="..\..\..\addons\ofxLineaDeTiempo\libs\ofxMUI\include\ofx\MUI\Label.h">
			<Filter>addons\ofxLineaDeTiempo\libs\ofxMUI\include\ofx\MUI</Filter>
		</ClInclude>
		<ClInclude Include="..\..\..\addons\ofxLineaDeTiempo\libs\ofxMUI\include\ofx\MUI\Margins.h">
			<Filter>addons\ofxLineaDeTiempo\libs\ofxMUI\include\ofx\MUI</Filter>
		</ClInclude>
		<ClInclude Include="..\..\..\addons\ofxLineaDeTiempo\libs\ofxMUI\include\ofx\MUI\ofRectangleHelper.h">
			<Filter>addons\ofxLineaDeTiempo\libs\ofxMUI\include\ofx\MUI</Filter>
		</ClInclude>
		<ClInclude Include="..\..\..\addons\ofxLineaDeTiempo\libs\ofxMUI\include\ofx\MUI\OrientedElement.h">
			<Filter>addons\ofxLineaDeTiempo\libs\ofxMUI\include\ofx\MUI</Filter>
		</ClInclude>
		<ClInclude Include="..\..\..\addons\ofxLineaDeTiempo\libs\ofxMUI\include\ofx\MUI\Panel.h">
			<Filter>addons\ofxLineaDeTiempo\libs\ofxMUI\include\ofx\MUI</Filter>
		</ClInclude>
		<ClInclude Include="..\..\..\addons\ofxLineaDeTiempo\libs\ofxMUI\include\ofx\MUI\ScaledView.h">
			<Filter>addons\ofxLineaDeTiempo\libs\ofxMUI\include\ofx\MUI</Filter>
		</ClInclude>
		<ClInclude Include="..\..\..\addons\ofxLineaDeTiempo\libs\ofxMUI\include\ofx\MUI\Scope.h">
			<Filter>addons\ofxLineaDeTiempo\libs\ofxMUI\include\ofx\MUI</Filter>
		</ClInclude>
		<ClInclude Include="..\..\..\addons\ofxLineaDeTiempo\libs\ofxMUI\include\ofx\MUI\Shadow.h">
			<Filter>addons\ofxLineaDeTiempo\libs\ofxMUI\include\ofx\MUI</Filter>
		</ClInclude>
		<ClInclude Include="..\..\..\addons\ofxLineaDeTiempo\libs\ofxMUI\include\ofx\MUI\Slider.h">
			<Filter>addons\ofxLineaDeTiempo\libs\ofxMUI\include\ofx\MUI</Filter>
		</ClInclude>
		<ClInclude Include="..\..\..\addons\ofxLineaDeTiempo\libs\ofxMUI\include\ofx\MUI\SliderGroup.h">
			<Filter>addons\ofxLineaDeTiempo\libs\ofxMUI\include\ofx\MUI</Filter>
		</ClInclude>
		<ClInclude Include="..\..\..\addons\ofxLineaDeTiempo\libs\ofxMUI\include\ofx\MUI\Styles.h">
			<Filter>addons\ofxLineaDeTiempo\libs\ofxMUI\include\ofx\MUI</Filter>
		</ClInclude>
		<ClInclude Include="..\..\..\addons\ofxLineaDeTiempo\libs\ofxMUI\include\ofx\MUI\Types.h">
			<Filter>addons\ofxLineaDeTiempo\libs\ofxMUI\include\ofx\MUI</Filter>
		</ClInclude>
		<ClInclude Include="..\..\..\addons\ofxLineaDeTiempo\libs\ofxMUI\include\ofx\MUI\Utils.h">
			<Filter>addons\ofxLineaDeTiempo\libs\ofxMUI\include\ofx\MUI</Filter>
		</ClInclude>
		<ClInclude Include="..\..\..\addons\ofxLineaDeTiempo\libs\ofxMUI\include\ofx\MUI\Widget.h">
			<Filter>addons\ofxLineaDeTiempo\libs\ofxMUI\include\ofx\MUI</Filter>
		</ClInclude>
		<ClInclude Include="..\..\..\addons\ofxLineaDeTiempo\libs\ofxMUI\include\ofx\MUI\ZoomablePanel.h">
			<Filter>addons\ofxLineaDeTiempo\libs\ofxMUI\include\ofx\MUI</Filter>
		</ClInclude>
		<ClInclude Include="..\..\..\addons\ofxLineaDeTiempo\libs\ofxMUI\include\ofx\MUI\ZoomScrollbar.h">
			<Filter>addons\ofxLineaDeTiempo\libs\ofxMUI\include\ofx\MUI</Filter>
		</ClInclude>
		<ClInclude Include="..\..\..\addons\ofxLineaDeTiempo\libs\ofxMUI\include\ofxMUI.h">
			<Filter>addons\ofxLineaDeTiempo\libs\ofxMUI\include</Filter>
		</ClInclude>
		<ClInclude Include="..\..\..\addons\ofxLineaDeTiempo\libs\ofxPointer\include\ofx\PointerEvents.h">
			<Filter>addons\ofxLineaDeTiempo\libs\ofxPointer\include\ofx</Filter>
		</ClInclude>
		<ClInclude Include="..\..\..\addons\ofxLineaDeTiempo\libs\ofxPointer\include\ofx\PointerEventsiOS.h">
			<Filter>addons\ofxLineaDeTiempo\libs\ofxPointer\include\ofx</Filter>
		</ClInclude>
		<ClInclude Include="..\..\..\addons\ofxLineaDeTiempo\libs\ofxPointer\include\ofx\PointerEventsMacOS.h">
			<Filter>addons\ofxLineaDeTiempo\libs\ofxPointer\include\ofx</Filter>
		</ClInclude>
		<ClInclude Include="..\..\..\addons\ofxLineaDeTiempo\libs\ofxPointer\include\ofx\PointerStrokes.h">
			<Filter>addons\ofxLineaDeTiempo\libs\ofxPointer\include\ofx</Filter>
		</ClInclude>
		<ClInclude Include="..\..\..\addons\ofxLineaDeTiempo\libs\ofxPointer\ofxPointer.h">
			<Filter>addons\ofxLineaDeTiempo\libs\ofxPointer</Filter>
		</ClInclude>
		<ClInclude Include="..\..\..\addons\ofxLineaDeTiempo\libs\ofxRange\include\ofRange.h">
			<Filter>addons\ofxLineaDeTiempo\libs\ofxRange\include</Filter>
		</ClInclude>
		<ClInclude Include="..\..\..\addons\ofxLineaDeTiempo\libs\ofxTimecode\include\ofxTimecode.h">
			<Filter>addons\ofxLineaDeTiempo\libs\ofxTimecode\include</Filter>
		</ClInclude>
	</ItemGroup>
	<ItemGroup>
		<ResourceCompile Include="icon.rc" />
	</ItemGroup>
</Project>
