<?xml version="1.0"?>
<Project ToolsVersion="4.0" xmlns="http://schemas.microsoft.com/developer/msbuild/2003">
	<ItemGroup>
		<ClCompile Include="src\ofApp.cpp">
			<Filter>src</Filter>
		</ClCompile>
		<ClCompile Include="src\main.cpp">
			<Filter>src</Filter>
		</ClCompile>
		<ClCompile Include="src\main.cpp">
			<Filter>src</Filter>
		</ClCompile>
		<ClCompile Include="src\ofApp.cpp">
			<Filter>src</Filter>
		</ClCompile>
		<ClCompile Include="..\..\..\addons\ofxGui\src\ofxBaseGui.cpp">
			<Filter>addons\ofxGui\src</Filter>
		</ClCompile>
		<ClCompile Include="..\..\..\addons\ofxGui\src\ofxButton.cpp">
			<Filter>addons\ofxGui\src</Filter>
		</ClCompile>
		<ClCompile Include="..\..\..\addons\ofxGui\src\ofxColorPicker.cpp">
			<Filter>addons\ofxGui\src</Filter>
		</ClCompile>
		<ClCompile Include="..\..\..\addons\ofxGui\src\ofxGuiGroup.cpp">
			<Filter>addons\ofxGui\src</Filter>
		</ClCompile>
		<ClCompile Include="..\..\..\addons\ofxGui\src\ofxInputField.cpp">
			<Filter>addons\ofxGui\src</Filter>
		</ClCompile>
		<ClCompile Include="..\..\..\addons\ofxGui\src\ofxLabel.cpp">
			<Filter>addons\ofxGui\src</Filter>
		</ClCompile>
		<ClCompile Include="..\..\..\addons\ofxGui\src\ofxPanel.cpp">
			<Filter>addons\ofxGui\src</Filter>
		</ClCompile>
		<ClCompile Include="..\..\..\addons\ofxGui\src\ofxSlider.cpp">
			<Filter>addons\ofxGui\src</Filter>
		</ClCompile>
		<ClCompile Include="..\..\..\addons\ofxGui\src\ofxSliderGroup.cpp">
			<Filter>addons\ofxGui\src</Filter>
		</ClCompile>
		<ClCompile Include="..\..\..\addons\ofxGui\src\ofxToggle.cpp">
			<Filter>addons\ofxGui\src</Filter>
		</ClCompile>
		<ClCompile Include="..\..\..\addons\ofxLineaDeTiempo\libs\ofxDOM\src\CapturedPointer.cpp">
			<Filter>addons\ofxLineaDeTiempo\libs\ofxDOM\src</Filter>
		</ClCompile>
		<ClCompile Include="..\..\..\addons\ofxLineaDeTiempo\libs\ofxDOM\src\Document.cpp">
			<Filter>addons\ofxLineaDeTiempo\libs\ofxDOM\src</Filter>
		</ClCompile>
		<ClCompile Include="..\..\..\addons\ofxLineaDeTiempo\libs\ofxDOM\src\Element.cpp">
			<Filter>addons\ofxLineaDeTiempo\libs\ofxDOM\src</Filter>
		</ClCompile>
		<ClCompile Include="..\..\..\addons\ofxLineaDeTiempo\libs\ofxDOM\src\Events.cpp">
			<Filter>addons\ofxLineaDeTiempo\libs\ofxDOM\src</Filter>
		</ClCompile>
		<ClCompile Include="..\..\..\addons\ofxLineaDeTiempo\libs\ofxDOM\src\Exceptions.cpp">
			<Filter>addons\ofxLineaDeTiempo\libs\ofxDOM\src</Filter>
		</ClCompile>
		<ClCompile Include="..\..\..\addons\ofxLineaDeTiempo\libs\ofxDOM\src\Layout.cpp">
			<Filter>addons\ofxLineaDeTiempo\libs\ofxDOM\src</Filter>
		</ClCompile>
		<ClCompile Include="..\..\..\addons\ofxLineaDeTiempo\libs\ofxDOM\src\Node.cpp">
			<Filter>addons\ofxLineaDeTiempo\libs\ofxDOM\src</Filter>
		</ClCompile>
		<ClCompile Include="..\..\..\addons\ofxLineaDeTiempo\libs\ofxDOM\src\NodeEvents.cpp">
			<Filter>addons\ofxLineaDeTiempo\libs\ofxDOM\src</Filter>
		</ClCompile>
		<ClCompile Include="..\..\..\addons\ofxLineaDeTiempo\libs\ofxDOM\src\Types.cpp">
			<Filter>addons\ofxLineaDeTiempo\libs\ofxDOM\src</Filter>
		</ClCompile>
		<ClCompile Include="..\..\..\addons\ofxLineaDeTiempo\libs\ofxLineaDeTiempo\src\Controller\BaseController.cpp">
			<Filter>addons\ofxLineaDeTiempo\libs\ofxLineaDeTiempo\src\Controller</Filter>
		</ClCompile>
		<ClCompile Include="..\..\..\addons\ofxLineaDeTiempo\libs\ofxLineaDeTiempo\src\Controller\Interpolator.cpp">
			<Filter>addons\ofxLineaDeTiempo\libs\ofxLineaDeTiempo\src\Controller</Filter>
		</ClCompile>
		<ClCompile Include="..\..\..\addons\ofxLineaDeTiempo\libs\ofxLineaDeTiempo\src\Controller\KeyframeCollectionController.cpp">
			<Filter>addons\ofxLineaDeTiempo\libs\ofxLineaDeTiempo\src\Controller</Filter>
		</ClCompile>
		<ClCompile Include="..\..\..\addons\ofxLineaDeTiempo\libs\ofxLineaDeTiempo\src\Controller\KeyframeController.cpp">
			<Filter>addons\ofxLineaDeTiempo\libs\ofxLineaDeTiempo\src\Controller</Filter>
		</ClCompile>
		<ClCompile Include="..\..\..\addons\ofxLineaDeTiempo\libs\ofxLineaDeTiempo\src\Controller\KeyframeRegionController.cpp">
			<Filter>addons\ofxLineaDeTiempo\libs\ofxLineaDeTiempo\src\Controller</Filter>
		</ClCompile>
		<ClCompile Include="..\..\..\addons\ofxLineaDeTiempo\libs\ofxLineaDeTiempo\src\Controller\KeyframeTrackController.cpp">
			<Filter>addons\ofxLineaDeTiempo\libs\ofxLineaDeTiempo\src\Controller</Filter>
		</ClCompile>
		<ClCompile Include="..\..\..\addons\ofxLineaDeTiempo\libs\ofxLineaDeTiempo\src\Controller\RegionController.cpp">
			<Filter>addons\ofxLineaDeTiempo\libs\ofxLineaDeTiempo\src\Controller</Filter>
		</ClCompile>
		<ClCompile Include="..\..\..\addons\ofxLineaDeTiempo\libs\ofxLineaDeTiempo\src\Controller\TimeControl.cpp">
			<Filter>addons\ofxLineaDeTiempo\libs\ofxLineaDeTiempo\src\Controller</Filter>
		</ClCompile>
		<ClCompile Include="..\..\..\addons\ofxLineaDeTiempo\libs\ofxLineaDeTiempo\src\Controller\TrackController.cpp">
			<Filter>addons\ofxLineaDeTiempo\libs\ofxLineaDeTiempo\src\Controller</Filter>
		</ClCompile>
		<ClCompile Include="..\..\..\addons\ofxLineaDeTiempo\libs\ofxLineaDeTiempo\src\Controller\TrackGroupController.cpp">
			<Filter>addons\ofxLineaDeTiempo\libs\ofxLineaDeTiempo\src\Controller</Filter>
		</ClCompile>
		<ClCompile Include="..\..\..\addons\ofxLineaDeTiempo\libs\ofxLineaDeTiempo\src\Controller\TracksPanelController.cpp">
			<Filter>addons\ofxLineaDeTiempo\libs\ofxLineaDeTiempo\src\Controller</Filter>
		</ClCompile>
		<ClCompile Include="..\..\..\addons\ofxLineaDeTiempo\libs\ofxLineaDeTiempo\src\Data\KeyframedData.cpp">
			<Filter>addons\ofxLineaDeTiempo\libs\ofxLineaDeTiempo\src\Data</Filter>
		</ClCompile>
		<ClCompile Include="..\..\..\addons\ofxLineaDeTiempo\libs\ofxLineaDeTiempo\src\Data\TimedData.cpp">
			<Filter>addons\ofxLineaDeTiempo\libs\ofxLineaDeTiempo\src\Data</Filter>
		</ClCompile>
		<ClCompile Include="..\..\..\addons\ofxLineaDeTiempo\libs\ofxLineaDeTiempo\src\Utils\ConstVars.cpp">
			<Filter>addons\ofxLineaDeTiempo\libs\ofxLineaDeTiempo\src\Utils</Filter>
		</ClCompile>
		<ClCompile Include="..\..\..\addons\ofxLineaDeTiempo\libs\ofxLineaDeTiempo\src\View\BaseTrackView.cpp">
			<Filter>addons\ofxLineaDeTiempo\libs\ofxLineaDeTiempo\src\View</Filter>
		</ClCompile>
		<ClCompile Include="..\..\..\addons\ofxLineaDeTiempo\libs\ofxLineaDeTiempo\src\View\KeyframeCollectionView.cpp">
			<Filter>addons\ofxLineaDeTiempo\libs\ofxLineaDeTiempo\src\View</Filter>
		</ClCompile>
		<ClCompile Include="..\..\..\addons\ofxLineaDeTiempo\libs\ofxLineaDeTiempo\src\View\KeyframesRegionView.cpp">
			<Filter>addons\ofxLineaDeTiempo\libs\ofxLineaDeTiempo\src\View</Filter>
		</ClCompile>
		<ClCompile Include="..\..\..\addons\ofxLineaDeTiempo\libs\ofxLineaDeTiempo\src\View\KeyframeTrackHeader.cpp">
			<Filter>addons\ofxLineaDeTiempo\libs\ofxLineaDeTiempo\src\View</Filter>
		</ClCompile>
		<ClCompile Include="..\..\..\addons\ofxLineaDeTiempo\libs\ofxLineaDeTiempo\src\View\KeyframeTrackView.cpp">
			<Filter>addons\ofxLineaDeTiempo\libs\ofxLineaDeTiempo\src\View</Filter>
		</ClCompile>
		<ClCompile Include="..\..\..\addons\ofxLineaDeTiempo\libs\ofxLineaDeTiempo\src\View\KeyframeView.cpp">
			<Filter>addons\ofxLineaDeTiempo\libs\ofxLineaDeTiempo\src\View</Filter>
		</ClCompile>
		<ClCompile Include="..\..\..\addons\ofxLineaDeTiempo\libs\ofxLineaDeTiempo\src\View\MainRenderer.cpp">
			<Filter>addons\ofxLineaDeTiempo\libs\ofxLineaDeTiempo\src\View</Filter>
		</ClCompile>
		<ClCompile Include="..\..\..\addons\ofxLineaDeTiempo\libs\ofxLineaDeTiempo\src\View\ModalView.cpp">
			<Filter>addons\ofxLineaDeTiempo\libs\ofxLineaDeTiempo\src\View</Filter>
		</ClCompile>
		<ClCompile Include="..\..\..\addons\ofxLineaDeTiempo\libs\ofxLineaDeTiempo\src\View\ofxGuiView.cpp">
			<Filter>addons\ofxLineaDeTiempo\libs\ofxLineaDeTiempo\src\View</Filter>
		</ClCompile>
		<ClCompile Include="..\..\..\addons\ofxLineaDeTiempo\libs\ofxLineaDeTiempo\src\View\Playhead.cpp">
			<Filter>addons\ofxLineaDeTiempo\libs\ofxLineaDeTiempo\src\View</Filter>
		</ClCompile>
		<ClCompile Include="..\..\..\addons\ofxLineaDeTiempo\libs\ofxLineaDeTiempo\src\View\RegionHeaderView.cpp">
			<Filter>addons\ofxLineaDeTiempo\libs\ofxLineaDeTiempo\src\View</Filter>
		</ClCompile>
		<ClCompile Include="..\..\..\addons\ofxLineaDeTiempo\libs\ofxLineaDeTiempo\src\View\RegionView.cpp">
			<Filter>addons\ofxLineaDeTiempo\libs\ofxLineaDeTiempo\src\View</Filter>
		</ClCompile>
		<ClCompile Include="..\..\..\addons\ofxLineaDeTiempo\libs\ofxLineaDeTiempo\src\View\Selector.cpp">
			<Filter>addons\ofxLineaDeTiempo\libs\ofxLineaDeTiempo\src\View</Filter>
		</ClCompile>
		<ClCompile Include="..\..\..\addons\ofxLineaDeTiempo\libs\ofxLineaDeTiempo\src\View\TimeControlView.cpp">
			<Filter>addons\ofxLineaDeTiempo\libs\ofxLineaDeTiempo\src\View</Filter>
		</ClCompile>
		<ClCompile Include="..\..\..\addons\ofxLineaDeTiempo\libs\ofxLineaDeTiempo\src\View\TimelineDocument.cpp">
			<Filter>addons\ofxLineaDeTiempo\libs\ofxLineaDeTiempo\src\View</Filter>
		</ClCompile>
		<ClCompile Include="..\..\..\addons\ofxLineaDeTiempo\libs\ofxLineaDeTiempo\src\View\TimeModifierView.cpp">
			<Filter>addons\ofxLineaDeTiempo\libs\ofxLineaDeTiempo\src\View</Filter>
		</ClCompile>
		<ClCompile Include="..\..\..\addons\ofxLineaDeTiempo\libs\ofxLineaDeTiempo\src\View\TimeRuler.cpp">
			<Filter>addons\ofxLineaDeTiempo\libs\ofxLineaDeTiempo\src\View</Filter>
		</ClCompile>
		<ClCompile Include="..\..\..\addons\ofxLineaDeTiempo\libs\ofxLineaDeTiempo\src\View\TimeRulerBar.cpp">
			<Filter>addons\ofxLineaDeTiempo\libs\ofxLineaDeTiempo\src\View</Filter>
		</ClCompile>
		<ClCompile Include="..\..\..\addons\ofxLineaDeTiempo\libs\ofxLineaDeTiempo\src\View\TimeRulerHeader.cpp">
			<Filter>addons\ofxLineaDeTiempo\libs\ofxLineaDeTiempo\src\View</Filter>
		</ClCompile>
		<ClCompile Include="..\..\..\addons\ofxLineaDeTiempo\libs\ofxLineaDeTiempo\src\View\TrackGroupView.cpp">
			<Filter>addons\ofxLineaDeTiempo\libs\ofxLineaDeTiempo\src\View</Filter>
		</ClCompile>
		<ClCompile Include="..\..\..\addons\ofxLineaDeTiempo\libs\ofxLineaDeTiempo\src\View\TrackHeader.cpp">
			<Filter>addons\ofxLineaDeTiempo\libs\ofxLineaDeTiempo\src\View</Filter>
		</ClCompile>
		<ClCompile Include="..\..\..\addons\ofxLineaDeTiempo\libs\ofxLineaDeTiempo\src\View\TrackHeaderGroup.cpp">
			<Filter>addons\ofxLineaDeTiempo\libs\ofxLineaDeTiempo\src\View</Filter>
		</ClCompile>
		<ClCompile Include="..\..\..\addons\ofxLineaDeTiempo\libs\ofxLineaDeTiempo\src\View\TracksClippedView.cpp">
			<Filter>addons\ofxLineaDeTiempo\libs\ofxLineaDeTiempo\src\View</Filter>
		</ClCompile>
		<ClCompile Include="..\..\..\addons\ofxLineaDeTiempo\libs\ofxLineaDeTiempo\src\View\TracksPanel.cpp">
			<Filter>addons\ofxLineaDeTiempo\libs\ofxLineaDeTiempo\src\View</Filter>
		</ClCompile>
		<ClCompile Include="..\..\..\addons\ofxLineaDeTiempo\libs\ofxLineaDeTiempo\src\View\TrackView.cpp">
			<Filter>addons\ofxLineaDeTiempo\libs\ofxLineaDeTiempo\src\View</Filter>
		</ClCompile>
		<ClCompile Include="..\..\..\addons\ofxLineaDeTiempo\libs\ofxMUI\src\AutoReziseContainer.cpp">
			<Filter>addons\ofxLineaDeTiempo\libs\ofxMUI\src</Filter>
		</ClCompile>
		<ClCompile Include="..\..\..\addons\ofxLineaDeTiempo\libs\ofxMUI\src\Axis.cpp">
			<Filter>addons\ofxLineaDeTiempo\libs\ofxMUI\src</Filter>
		</ClCompile>
		<ClCompile Include="..\..\..\addons\ofxLineaDeTiempo\libs\ofxMUI\src\Button.cpp">
			<Filter>addons\ofxLineaDeTiempo\libs\ofxMUI\src</Filter>
		</ClCompile>
		<ClCompile Include="..\..\..\addons\ofxLineaDeTiempo\libs\ofxMUI\src\ButtonGroup.cpp">
			<Filter>addons\ofxLineaDeTiempo\libs\ofxMUI\src</Filter>
		</ClCompile>
		<ClCompile Include="..\..\..\addons\ofxLineaDeTiempo\libs\ofxMUI\src\ClippedView.cpp">
			<Filter>addons\ofxLineaDeTiempo\libs\ofxMUI\src</Filter>
		</ClCompile>
		<ClCompile Include="..\..\..\addons\ofxLineaDeTiempo\libs\ofxMUI\src\Constants.cpp">
			<Filter>addons\ofxLineaDeTiempo\libs\ofxMUI\src</Filter>
		</ClCompile>
		<ClCompile Include="..\..\..\addons\ofxLineaDeTiempo\libs\ofxMUI\src\Follower.cpp">
			<Filter>addons\ofxLineaDeTiempo\libs\ofxMUI\src</Filter>
		</ClCompile>
		<ClCompile Include="..\..\..\addons\ofxLineaDeTiempo\libs\ofxMUI\src\Handles\BaseScrollHandle.cpp">
			<Filter>addons\ofxLineaDeTiempo\libs\ofxMUI\src\Handles</Filter>
		</ClCompile>
		<ClCompile Include="..\..\..\addons\ofxLineaDeTiempo\libs\ofxMUI\src\Handles\ConstrainedGrabHandle.cpp">
			<Filter>addons\ofxLineaDeTiempo\libs\ofxMUI\src\Handles</Filter>
		</ClCompile>
		<ClCompile Include="..\..\..\addons\ofxLineaDeTiempo\libs\ofxMUI\src\Handles\EdgeHandle.cpp">
			<Filter>addons\ofxLineaDeTiempo\libs\ofxMUI\src\Handles</Filter>
		</ClCompile>
		<ClCompile Include="..\..\..\addons\ofxLineaDeTiempo\libs\ofxMUI\src\Handles\ResizableHandle.cpp">
			<Filter>addons\ofxLineaDeTiempo\libs\ofxMUI\src\Handles</Filter>
		</ClCompile>
		<ClCompile Include="..\..\..\addons\ofxLineaDeTiempo\libs\ofxMUI\src\Icon.cpp">
			<Filter>addons\ofxLineaDeTiempo\libs\ofxMUI\src</Filter>
		</ClCompile>
		<ClCompile Include="..\..\..\addons\ofxLineaDeTiempo\libs\ofxMUI\src\Label.cpp">
			<Filter>addons\ofxLineaDeTiempo\libs\ofxMUI\src</Filter>
		</ClCompile>
		<ClCompile Include="..\..\..\addons\ofxLineaDeTiempo\libs\ofxMUI\src\Panel.cpp">
			<Filter>addons\ofxLineaDeTiempo\libs\ofxMUI\src</Filter>
		</ClCompile>
		<ClCompile Include="..\..\..\addons\ofxLineaDeTiempo\libs\ofxMUI\src\Shadow.cpp">
			<Filter>addons\ofxLineaDeTiempo\libs\ofxMUI\src</Filter>
		</ClCompile>
		<ClCompile Include="..\..\..\addons\ofxLineaDeTiempo\libs\ofxMUI\src\SliderGroup.cpp">
			<Filter>addons\ofxLineaDeTiempo\libs\ofxMUI\src</Filter>
		</ClCompile>
		<ClCompile Include="..\..\..\addons\ofxLineaDeTiempo\libs\ofxMUI\src\Styles.cpp">
			<Filter>addons\ofxLineaDeTiempo\libs\ofxMUI\src</Filter>
		</ClCompile>
		<ClCompile Include="..\..\..\addons\ofxLineaDeTiempo\libs\ofxMUI\src\Utils.cpp">
			<Filter>addons\ofxLineaDeTiempo\libs\ofxMUI\src</Filter>
		</ClCompile>
		<ClCompile Include="..\..\..\addons\ofxLineaDeTiempo\libs\ofxMUI\src\Widget.cpp">
			<Filter>addons\ofxLineaDeTiempo\libs\ofxMUI\src</Filter>
		</ClCompile>
		<ClCompile Include="..\..\..\addons\ofxLineaDeTiempo\libs\ofxMUI\src\ZoomablePanel.cpp">
			<Filter>addons\ofxLineaDeTiempo\libs\ofxMUI\src</Filter>
		</ClCompile>
		<ClCompile Include="..\..\..\addons\ofxLineaDeTiempo\libs\ofxMUI\src\ZoomScrollbar.cpp">
			<Filter>addons\ofxLineaDeTiempo\libs\ofxMUI\src</Filter>
		</ClCompile>
		<ClCompile Include="..\..\..\addons\ofxLineaDeTiempo\libs\ofxPointer\src\PointerEvents.cpp">
			<Filter>addons\ofxLineaDeTiempo\libs\ofxPointer\src</Filter>
		</ClCompile>
		<ClCompile Include="..\..\..\addons\ofxLineaDeTiempo\libs\ofxPointer\src\PointerEventsiOS.mm">
			<Filter>addons\ofxLineaDeTiempo\libs\ofxPointer\src</Filter>
		</ClCompile>
		<ClCompile Include="..\..\..\addons\ofxLineaDeTiempo\libs\ofxPointer\src\PointerEventsMacOS.mm">
			<Filter>addons\ofxLineaDeTiempo\libs\ofxPointer\src</Filter>
		</ClCompile>
		<ClCompile Include="..\..\..\addons\ofxLineaDeTiempo\libs\ofxPointer\src\PointerStrokes.cpp">
			<Filter>addons\ofxLineaDeTiempo\libs\ofxPointer\src</Filter>
		</ClCompile>
		<ClCompile Include="..\..\..\addons\ofxLineaDeTiempo\libs\ofxTimecode\src\ofxTimecode.cpp">
			<Filter>addons\ofxLineaDeTiempo\libs\ofxTimecode\src</Filter>
		</ClCompile>
	</ItemGroup>
	<ItemGroup>
		<Filter Include="src">
			<UniqueIdentifier>{d8376475-7454-4a24-b08a-aac121d3ad6f}</UniqueIdentifier>
		</Filter>
		<Filter Include="addons">
			<UniqueIdentifier>{951921D7--90B-6-49-AB-A-F11-640DE93D2511}</UniqueIdentifier>
		</Filter>
		<Filter Include="addons\ofxGui">
			<UniqueIdentifier>{BD22D5A8--E08-7-45-0D-B-FCF-B753D20117B3}</UniqueIdentifier>
		</Filter>
		<Filter Include="addons\ofxGui\src">
			<UniqueIdentifier>{A1C4CB6D--1B7-A-47-E2-B-9F0-D0C1F6789650}</UniqueIdentifier>
		</Filter>
		<Filter Include="addons\ofxLineaDeTiempo">
			<UniqueIdentifier>{D9BC02E1--0CF-7-4E-07-9-C77-6F0333184756}</UniqueIdentifier>
		</Filter>
		<Filter Include="addons\ofxLineaDeTiempo\src">
			<UniqueIdentifier>{0AC3111A--C38-2-4D-15-8-B38-E66A8192AA10}</UniqueIdentifier>
		</Filter>
		<Filter Include="addons\ofxLineaDeTiempo\libs">
			<UniqueIdentifier>{557D3D59--F35-1-4D-FA-B-447-E48529C655B4}</UniqueIdentifier>
		</Filter>
		<Filter Include="addons\ofxLineaDeTiempo\libs\ofxDOM">
			<UniqueIdentifier>{85866F89--C26-4-40-03-9-3F7-54BECCFAE84C}</UniqueIdentifier>
		</Filter>
		<Filter Include="addons\ofxLineaDeTiempo\libs\ofxDOM\include">
			<UniqueIdentifier>{F1D9E089--9FD-3-44-B6-9-DAF-09F3F57C745C}</UniqueIdentifier>
		</Filter>
		<Filter Include="addons\ofxLineaDeTiempo\libs\ofxDOM\include\ofx">
			<UniqueIdentifier>{43740C38--482-B-43-82-8-1F6-A4B43FC11556}</UniqueIdentifier>
		</Filter>
		<Filter Include="addons\ofxLineaDeTiempo\libs\ofxDOM\include\ofx\DOM">
			<UniqueIdentifier>{31139B60--63E-F-47-C7-B-C44-F9B0088A6AE2}</UniqueIdentifier>
		</Filter>
		<Filter Include="addons\ofxLineaDeTiempo\libs\ofxDOM\src">
			<UniqueIdentifier>{BBDF6104--3F8-5-48-57-9-AF1-29527B2717D0}</UniqueIdentifier>
		</Filter>
		<Filter Include="addons\ofxLineaDeTiempo\libs\ofxLineaDeTiempo">
			<UniqueIdentifier>{95080627--A0F-8-43-F4-B-BB6-80BA6AED2AB1}</UniqueIdentifier>
		</Filter>
		<Filter Include="addons\ofxLineaDeTiempo\libs\ofxLineaDeTiempo\include">
			<UniqueIdentifier>{4EB11A66--C06-6-44-A1-8-C55-3DAF3A3C2BEA}</UniqueIdentifier>
		</Filter>
		<Filter Include="addons\ofxLineaDeTiempo\libs\ofxLineaDeTiempo\include\ofx">
			<UniqueIdentifier>{D5F22082--D48-A-4C-81-B-E67-48F1F1F802AF}</UniqueIdentifier>
		</Filter>
		<Filter Include="addons\ofxLineaDeTiempo\libs\ofxLineaDeTiempo\include\ofx\LineaDeTiempo">
			<UniqueIdentifier>{9CA0101E--73A-8-45-47-B-CF9-B5643B98C6E0}</UniqueIdentifier>
		</Filter>
		<Filter Include="addons\ofxLineaDeTiempo\libs\ofxLineaDeTiempo\include\ofx\LineaDeTiempo\BaseTypes">
			<UniqueIdentifier>{BD638966--63B-A-4D-36-8-AAE-881CE277C6CC}</UniqueIdentifier>
		</Filter>
		<Filter Include="addons\ofxLineaDeTiempo\libs\ofxLineaDeTiempo\include\ofx\LineaDeTiempo\Controller">
			<UniqueIdentifier>{4C9E1F80--78A-B-48-39-8-E9B-A62EAAD26D89}</UniqueIdentifier>
		</Filter>
		<Filter Include="addons\ofxLineaDeTiempo\libs\ofxLineaDeTiempo\include\ofx\LineaDeTiempo\Data">
			<UniqueIdentifier>{A0CFF16F--DAA-1-44-AE-B-927-6059824BDD03}</UniqueIdentifier>
		</Filter>
		<Filter Include="addons\ofxLineaDeTiempo\libs\ofxLineaDeTiempo\include\ofx\LineaDeTiempo\Utils">
			<UniqueIdentifier>{1F18CA6F--94E-B-49-80-B-771-FC329497BF1A}</UniqueIdentifier>
		</Filter>
		<Filter Include="addons\ofxLineaDeTiempo\libs\ofxLineaDeTiempo\include\ofx\LineaDeTiempo\View">
			<UniqueIdentifier>{CAD2616A--16C-1-4A-47-8-80D-B32D2640CAF4}</UniqueIdentifier>
		</Filter>
		<Filter Include="addons\ofxLineaDeTiempo\libs\ofxLineaDeTiempo\src">
			<UniqueIdentifier>{E078497B--7E7-B-44-82-B-A7E-F43112B3FD44}</UniqueIdentifier>
		</Filter>
		<Filter Include="addons\ofxLineaDeTiempo\libs\ofxLineaDeTiempo\src\Controller">
			<UniqueIdentifier>{B22DB72A--A4E-E-44-C4-8-B1F-2B3D32E55A02}</UniqueIdentifier>
		</Filter>
		<Filter Include="addons\ofxLineaDeTiempo\libs\ofxLineaDeTiempo\src\Data">
			<UniqueIdentifier>{613D9796--1DD-2-44-E9-A-C6B-4CD078C56192}</UniqueIdentifier>
		</Filter>
		<Filter Include="addons\ofxLineaDeTiempo\libs\ofxLineaDeTiempo\src\Utils">
			<UniqueIdentifier>{58E1FEE0--13D-6-45-1B-B-A40-1C088CF6A817}</UniqueIdentifier>
		</Filter>
		<Filter Include="addons\ofxLineaDeTiempo\libs\ofxLineaDeTiempo\src\View">
			<UniqueIdentifier>{79699B6D--1DD-E-42-0F-8-56B-04BBE80B18EF}</UniqueIdentifier>
		</Filter>
		<Filter Include="addons\ofxLineaDeTiempo\libs\ofxMUI">
			<UniqueIdentifier>{12CE84C8--C19-D-44-3E-A-3A5-9F99D35FC307}</UniqueIdentifier>
		</Filter>
		<Filter Include="addons\ofxLineaDeTiempo\libs\ofxMUI\include">
			<UniqueIdentifier>{557DCCFB--192-A-4A-AA-8-E60-A32BE801F283}</UniqueIdentifier>
		</Filter>
		<Filter Include="addons\ofxLineaDeTiempo\libs\ofxMUI\include\ofx">
			<UniqueIdentifier>{6D79B391--EB2-9-41-6B-A-8BF-F50B3A00B17B}</UniqueIdentifier>
		</Filter>
		<Filter Include="addons\ofxLineaDeTiempo\libs\ofxMUI\include\ofx\MUI">
			<UniqueIdentifier>{9A34961C--89A-0-43-E7-B-D88-EFF26A7DB7A3}</UniqueIdentifier>
		</Filter>
		<Filter Include="addons\ofxLineaDeTiempo\libs\ofxMUI\include\ofx\MUI\Handles">
			<UniqueIdentifier>{E8C2E5B3--3AD-6-48-82-B-D23-83961BB5F601}</UniqueIdentifier>
		</Filter>
		<Filter Include="addons\ofxLineaDeTiempo\libs\ofxMUI\src">
			<UniqueIdentifier>{299C51D3--077-F-4C-C8-9-6C3-4017E9257C48}</UniqueIdentifier>
		</Filter>
		<Filter Include="addons\ofxLineaDeTiempo\libs\ofxMUI\src\Handles">
			<UniqueIdentifier>{A98BC7EC--81D-8-42-6E-A-F14-EB3A1A66DE86}</UniqueIdentifier>
		</Filter>
		<Filter Include="addons\ofxLineaDeTiempo\libs\ofxPointer">
			<UniqueIdentifier>{A7ECA77D--4A6-4-4C-75-A-77A-EFEE1DFB5506}</UniqueIdentifier>
		</Filter>
		<Filter Include="addons\ofxLineaDeTiempo\libs\ofxPointer\include">
			<UniqueIdentifier>{C1C2A8F1--920-4-42-3D-B-286-37CF41D31C03}</UniqueIdentifier>
		</Filter>
		<Filter Include="addons\ofxLineaDeTiempo\libs\ofxPointer\include\ofx">
			<UniqueIdentifier>{011531D6--8A1-1-4E-70-A-BBE-9D71D925CEC9}</UniqueIdentifier>
		</Filter>
		<Filter Include="addons\ofxLineaDeTiempo\libs\ofxPointer\src">
			<UniqueIdentifier>{E8D8824E--AA3-2-40-95-B-192-1AA77F600215}</UniqueIdentifier>
		</Filter>
		<Filter Include="addons\ofxLineaDeTiempo\libs\ofxRange">
			<UniqueIdentifier>{6D52C4E9--569-7-47-BA-B-0AA-08A9214F4A1F}</UniqueIdentifier>
		</Filter>
		<Filter Include="addons\ofxLineaDeTiempo\libs\ofxRange\include">
			<UniqueIdentifier>{266D80DF--776-2-4D-19-9-142-32D9AC45C0B1}</UniqueIdentifier>
		</Filter>
		<Filter Include="addons\ofxLineaDeTiempo\libs\ofxTimecode">
			<UniqueIdentifier>{ACC14678--740-7-40-8A-8-1E0-5A90CDDC769F}</UniqueIdentifier>
		</Filter>
		<Filter Include="addons\ofxLineaDeTiempo\libs\ofxTimecode\include">
			<UniqueIdentifier>{3EE32A13--125-4-41-95-8-C26-B648FBF18C2D}</UniqueIdentifier>
		</Filter>
		<Filter Include="addons\ofxLineaDeTiempo\libs\ofxTimecode\src">
			<UniqueIdentifier>{7004A23E--CDB-A-47-D0-B-A19-8E09CD1238EC}</UniqueIdentifier>
		</Filter>
	</ItemGroup>
	<ItemGroup>
		<ClInclude Include="src\ofApp.h">
			<Filter>src</Filter>
		</ClInclude>
		<ClInclude Include="src\ofApp.h">
			<Filter>src</Filter>
		</ClInclude>
		<ClInclude Include="..\..\..\addons\ofxGui\src\ofxBaseGui.h">
			<Filter>addons\ofxGui\src</Filter>
		</ClInclude>
		<ClInclude Include="..\..\..\addons\ofxGui\src\ofxButton.h">
			<Filter>addons\ofxGui\src</Filter>
		</ClInclude>
		<ClInclude Include="..\..\..\addons\ofxGui\src\ofxColorPicker.h">
			<Filter>addons\ofxGui\src</Filter>
		</ClInclude>
		<ClInclude Include="..\..\..\addons\ofxGui\src\ofxGui.h">
			<Filter>addons\ofxGui\src</Filter>
		</ClInclude>
		<ClInclude Include="..\..\..\addons\ofxGui\src\ofxGuiGroup.h">
			<Filter>addons\ofxGui\src</Filter>
		</ClInclude>
		<ClInclude Include="..\..\..\addons\ofxGui\src\ofxGuiUtils.h">
			<Filter>addons\ofxGui\src</Filter>
		</ClInclude>
		<ClInclude Include="..\..\..\addons\ofxGui\src\ofxInputField.h">
			<Filter>addons\ofxGui\src</Filter>
		</ClInclude>
		<ClInclude Include="..\..\..\addons\ofxGui\src\ofxLabel.h">
			<Filter>addons\ofxGui\src</Filter>
		</ClInclude>
		<ClInclude Include="..\..\..\addons\ofxGui\src\ofxPanel.h">
			<Filter>addons\ofxGui\src</Filter>
		</ClInclude>
		<ClInclude Include="..\..\..\addons\ofxGui\src\ofxSlider.h">
			<Filter>addons\ofxGui\src</Filter>
		</ClInclude>
		<ClInclude Include="..\..\..\addons\ofxGui\src\ofxSliderGroup.h">
			<Filter>addons\ofxGui\src</Filter>
		</ClInclude>
		<ClInclude Include="..\..\..\addons\ofxGui\src\ofxToggle.h">
			<Filter>addons\ofxGui\src</Filter>
		</ClInclude>
		<ClInclude Include="..\..\..\addons\ofxLineaDeTiempo\src\ofxLineaDeTiempo.h">
			<Filter>addons\ofxLineaDeTiempo\src</Filter>
		</ClInclude>
		<ClInclude Include="..\..\..\addons\ofxLineaDeTiempo\libs\ofxDOM\include\ofx\DOM\CapturedPointer.h">
			<Filter>addons\ofxLineaDeTiempo\libs\ofxDOM\include\ofx\DOM</Filter>
		</ClInclude>
		<ClInclude Include="..\..\..\addons\ofxLineaDeTiempo\libs\ofxDOM\include\ofx\DOM\Document.h">
			<Filter>addons\ofxLineaDeTiempo\libs\ofxDOM\include\ofx\DOM</Filter>
		</ClInclude>
		<ClInclude Include="..\..\..\addons\ofxLineaDeTiempo\libs\ofxDOM\include\ofx\DOM\Element.h">
			<Filter>addons\ofxLineaDeTiempo\libs\ofxDOM\include\ofx\DOM</Filter>
		</ClInclude>
		<ClInclude Include="..\..\..\addons\ofxLineaDeTiempo\libs\ofxDOM\include\ofx\DOM\Events.h">
			<Filter>addons\ofxLineaDeTiempo\libs\ofxDOM\include\ofx\DOM</Filter>
		</ClInclude>
		<ClInclude Include="..\..\..\addons\ofxLineaDeTiempo\libs\ofxDOM\include\ofx\DOM\EventTarget.h">
			<Filter>addons\ofxLineaDeTiempo\libs\ofxDOM\include\ofx\DOM</Filter>
		</ClInclude>
		<ClInclude Include="..\..\..\addons\ofxLineaDeTiempo\libs\ofxDOM\include\ofx\DOM\Exceptions.h">
			<Filter>addons\ofxLineaDeTiempo\libs\ofxDOM\include\ofx\DOM</Filter>
		</ClInclude>
		<ClInclude Include="..\..\..\addons\ofxLineaDeTiempo\libs\ofxDOM\include\ofx\DOM\Layout.h">
			<Filter>addons\ofxLineaDeTiempo\libs\ofxDOM\include\ofx\DOM</Filter>
		</ClInclude>
		<ClInclude Include="..\..\..\addons\ofxLineaDeTiempo\libs\ofxDOM\include\ofx\DOM\Node.h">
			<Filter>addons\ofxLineaDeTiempo\libs\ofxDOM\include\ofx\DOM</Filter>
		</ClInclude>
		<ClInclude Include="..\..\..\addons\ofxLineaDeTiempo\libs\ofxDOM\include\ofx\DOM\NodeEvents.h">
			<Filter>addons\ofxLineaDeTiempo\libs\ofxDOM\include\ofx\DOM</Filter>
		</ClInclude>
		<ClInclude Include="..\..\..\addons\ofxLineaDeTiempo\libs\ofxDOM\include\ofx\DOM\Types.h">
			<Filter>addons\ofxLineaDeTiempo\libs\ofxDOM\include\ofx\DOM</Filter>
		</ClInclude>
		<ClInclude Include="..\..\..\addons\ofxLineaDeTiempo\libs\ofxDOM\include\ofxDOM.h">
			<Filter>addons\ofxLineaDeTiempo\libs\ofxDOM\include</Filter>
		</ClInclude>
		<ClInclude Include="..\..\..\addons\ofxLineaDeTiempo\libs\ofxLineaDeTiempo\include\ofx\LineaDeTiempo\BaseTypes\AbstractSerializable.h">
			<Filter>addons\ofxLineaDeTiempo\libs\ofxLineaDeTiempo\include\ofx\LineaDeTiempo\BaseTypes</Filter>
		</ClInclude>
		<ClInclude Include="..\..\..\addons\ofxLineaDeTiempo\libs\ofxLineaDeTiempo\include\ofx\LineaDeTiempo\BaseTypes\BaseHasCollection.h">
			<Filter>addons\ofxLineaDeTiempo\libs\ofxLineaDeTiempo\include\ofx\LineaDeTiempo\BaseTypes</Filter>
		</ClInclude>
		<ClInclude Include="..\..\..\addons\ofxLineaDeTiempo\libs\ofxLineaDeTiempo\include\ofx\LineaDeTiempo\BaseTypes\BaseSelectable.h">
			<Filter>addons\ofxLineaDeTiempo\libs\ofxLineaDeTiempo\include\ofx\LineaDeTiempo\BaseTypes</Filter>
		</ClInclude>
		<ClInclude Include="..\..\..\addons\ofxLineaDeTiempo\libs\ofxLineaDeTiempo\include\ofx\LineaDeTiempo\BaseTypes\NamedConstPointerCollection.h">
			<Filter>addons\ofxLineaDeTiempo\libs\ofxLineaDeTiempo\include\ofx\LineaDeTiempo\BaseTypes</Filter>
		</ClInclude>
		<ClInclude Include="..\..\..\addons\ofxLineaDeTiempo\libs\ofxLineaDeTiempo\include\ofx\LineaDeTiempo\Controller\BaseController.h">
			<Filter>addons\ofxLineaDeTiempo\libs\ofxLineaDeTiempo\include\ofx\LineaDeTiempo\Controller</Filter>
		</ClInclude>
		<ClInclude Include="..\..\..\addons\ofxLineaDeTiempo\libs\ofxLineaDeTiempo\include\ofx\LineaDeTiempo\Controller\Interpolator.h">
			<Filter>addons\ofxLineaDeTiempo\libs\ofxLineaDeTiempo\include\ofx\LineaDeTiempo\Controller</Filter>
		</ClInclude>
		<ClInclude Include="..\..\..\addons\ofxLineaDeTiempo\libs\ofxLineaDeTiempo\include\ofx\LineaDeTiempo\Controller\KeyframeCollectionController.h">
			<Filter>addons\ofxLineaDeTiempo\libs\ofxLineaDeTiempo\include\ofx\LineaDeTiempo\Controller</Filter>
		</ClInclude>
		<ClInclude Include="..\..\..\addons\ofxLineaDeTiempo\libs\ofxLineaDeTiempo\include\ofx\LineaDeTiempo\Controller\KeyframeController.h">
			<Filter>addons\ofxLineaDeTiempo\libs\ofxLineaDeTiempo\include\ofx\LineaDeTiempo\Controller</Filter>
		</ClInclude>
		<ClInclude Include="..\..\..\addons\ofxLineaDeTiempo\libs\ofxLineaDeTiempo\include\ofx\LineaDeTiempo\Controller\KeyframeRegionController.h">
			<Filter>addons\ofxLineaDeTiempo\libs\ofxLineaDeTiempo\include\ofx\LineaDeTiempo\Controller</Filter>
		</ClInclude>
		<ClInclude Include="..\..\..\addons\ofxLineaDeTiempo\libs\ofxLineaDeTiempo\include\ofx\LineaDeTiempo\Controller\KeyframeTrackController.h">
			<Filter>addons\ofxLineaDeTiempo\libs\ofxLineaDeTiempo\include\ofx\LineaDeTiempo\Controller</Filter>
		</ClInclude>
		<ClInclude Include="..\..\..\addons\ofxLineaDeTiempo\libs\ofxLineaDeTiempo\include\ofx\LineaDeTiempo\Controller\RegionController.h">
			<Filter>addons\ofxLineaDeTiempo\libs\ofxLineaDeTiempo\include\ofx\LineaDeTiempo\Controller</Filter>
		</ClInclude>
		<ClInclude Include="..\..\..\addons\ofxLineaDeTiempo\libs\ofxLineaDeTiempo\include\ofx\LineaDeTiempo\Controller\TimeControl.h">
			<Filter>addons\ofxLineaDeTiempo\libs\ofxLineaDeTiempo\include\ofx\LineaDeTiempo\Controller</Filter>
		</ClInclude>
		<ClInclude Include="..\..\..\addons\ofxLineaDeTiempo\libs\ofxLineaDeTiempo\include\ofx\LineaDeTiempo\Controller\TrackController.h">
			<Filter>addons\ofxLineaDeTiempo\libs\ofxLineaDeTiempo\include\ofx\LineaDeTiempo\Controller</Filter>
		</ClInclude>
		<ClInclude Include="..\..\..\addons\ofxLineaDeTiempo\libs\ofxLineaDeTiempo\include\ofx\LineaDeTiempo\Controller\TrackGroupController.h">
			<Filter>addons\ofxLineaDeTiempo\libs\ofxLineaDeTiempo\include\ofx\LineaDeTiempo\Controller</Filter>
		</ClInclude>
		<ClInclude Include="..\..\..\addons\ofxLineaDeTiempo\libs\ofxLineaDeTiempo\include\ofx\LineaDeTiempo\Controller\TracksPanelController.h">
			<Filter>addons\ofxLineaDeTiempo\libs\ofxLineaDeTiempo\include\ofx\LineaDeTiempo\Controller</Filter>
		</ClInclude>
		<ClInclude Include="..\..\..\addons\ofxLineaDeTiempo\libs\ofxLineaDeTiempo\include\ofx\LineaDeTiempo\Data\jsonSerializer.h">
			<Filter>addons\ofxLineaDeTiempo\libs\ofxLineaDeTiempo\include\ofx\LineaDeTiempo\Data</Filter>
		</ClInclude>
		<ClInclude Include="..\..\..\addons\ofxLineaDeTiempo\libs\ofxLineaDeTiempo\include\ofx\LineaDeTiempo\Data\KeyframedData.h">
			<Filter>addons\ofxLineaDeTiempo\libs\ofxLineaDeTiempo\include\ofx\LineaDeTiempo\Data</Filter>
		</ClInclude>
		<ClInclude Include="..\..\..\addons\ofxLineaDeTiempo\libs\ofxLineaDeTiempo\include\ofx\LineaDeTiempo\Data\TimedData.h">
			<Filter>addons\ofxLineaDeTiempo\libs\ofxLineaDeTiempo\include\ofx\LineaDeTiempo\Data</Filter>
		</ClInclude>
		<ClInclude Include="..\..\..\addons\ofxLineaDeTiempo\libs\ofxLineaDeTiempo\include\ofx\LineaDeTiempo\Utils\CollectionHelper.h">
			<Filter>addons\ofxLineaDeTiempo\libs\ofxLineaDeTiempo\include\ofx\LineaDeTiempo\Utils</Filter>
		</ClInclude>
		<ClInclude Include="..\..\..\addons\ofxLineaDeTiempo\libs\ofxLineaDeTiempo\include\ofx\LineaDeTiempo\Utils\ConstVars.h">
			<Filter>addons\ofxLineaDeTiempo\libs\ofxLineaDeTiempo\include\ofx\LineaDeTiempo\Utils</Filter>
		</ClInclude>
		<ClInclude Include="..\..\..\addons\ofxLineaDeTiempo\libs\ofxLineaDeTiempo\include\ofx\LineaDeTiempo\Utils\FontUtils.h">
			<Filter>addons\ofxLineaDeTiempo\libs\ofxLineaDeTiempo\include\ofx\LineaDeTiempo\Utils</Filter>
		</ClInclude>
		<ClInclude Include="..\..\..\addons\ofxLineaDeTiempo\libs\ofxLineaDeTiempo\include\ofx\LineaDeTiempo\Utils\ofxTypeTraits.h">
			<Filter>addons\ofxLineaDeTiempo\libs\ofxLineaDeTiempo\include\ofx\LineaDeTiempo\Utils</Filter>
		</ClInclude>
		<ClInclude Include="..\..\..\addons\ofxLineaDeTiempo\libs\ofxLineaDeTiempo\include\ofx\LineaDeTiempo\Utils\ParamHelper.h">
			<Filter>addons\ofxLineaDeTiempo\libs\ofxLineaDeTiempo\include\ofx\LineaDeTiempo\Utils</Filter>
		</ClInclude>
		<ClInclude Include="..\..\..\addons\ofxLineaDeTiempo\libs\ofxLineaDeTiempo\include\ofx\LineaDeTiempo\View\BaseTrackView.h">
			<Filter>addons\ofxLineaDeTiempo\libs\ofxLineaDeTiempo\include\ofx\LineaDeTiempo\View</Filter>
		</ClInclude>
		<ClInclude Include="..\..\..\addons\ofxLineaDeTiempo\libs\ofxLineaDeTiempo\include\ofx\LineaDeTiempo\View\KeyframeCollectionView.h">
			<Filter>addons\ofxLineaDeTiempo\libs\ofxLineaDeTiempo\include\ofx\LineaDeTiempo\View</Filter>
		</ClInclude>
		<ClInclude Include="..\..\..\addons\ofxLineaDeTiempo\libs\ofxLineaDeTiempo\include\ofx\LineaDeTiempo\View\KeyframesRegionView.h">
			<Filter>addons\ofxLineaDeTiempo\libs\ofxLineaDeTiempo\include\ofx\LineaDeTiempo\View</Filter>
		</ClInclude>
		<ClInclude Include="..\..\..\addons\ofxLineaDeTiempo\libs\ofxLineaDeTiempo\include\ofx\LineaDeTiempo\View\KeyframeTrackHeader.h">
			<Filter>addons\ofxLineaDeTiempo\libs\ofxLineaDeTiempo\include\ofx\LineaDeTiempo\View</Filter>
		</ClInclude>
		<ClInclude Include="..\..\..\addons\ofxLineaDeTiempo\libs\ofxLineaDeTiempo\include\ofx\LineaDeTiempo\View\KeyframeTrackView.h">
			<Filter>addons\ofxLineaDeTiempo\libs\ofxLineaDeTiempo\include\ofx\LineaDeTiempo\View</Filter>
		</ClInclude>
		<ClInclude Include="..\..\..\addons\ofxLineaDeTiempo\libs\ofxLineaDeTiempo\include\ofx\LineaDeTiempo\View\KeyframeView.h">
			<Filter>addons\ofxLineaDeTiempo\libs\ofxLineaDeTiempo\include\ofx\LineaDeTiempo\View</Filter>
		</ClInclude>
		<ClInclude Include="..\..\..\addons\ofxLineaDeTiempo\libs\ofxLineaDeTiempo\include\ofx\LineaDeTiempo\View\MainRenderer.h">
			<Filter>addons\ofxLineaDeTiempo\libs\ofxLineaDeTiempo\include\ofx\LineaDeTiempo\View</Filter>
		</ClInclude>
		<ClInclude Include="..\..\..\addons\ofxLineaDeTiempo\libs\ofxLineaDeTiempo\include\ofx\LineaDeTiempo\View\ModalView.h">
			<Filter>addons\ofxLineaDeTiempo\libs\ofxLineaDeTiempo\include\ofx\LineaDeTiempo\View</Filter>
		</ClInclude>
		<ClInclude Include="..\..\..\addons\ofxLineaDeTiempo\libs\ofxLineaDeTiempo\include\ofx\LineaDeTiempo\View\ofxGuiView.h">
			<Filter>addons\ofxLineaDeTiempo\libs\ofxLineaDeTiempo\include\ofx\LineaDeTiempo\View</Filter>
		</ClInclude>
		<ClInclude Include="..\..\..\addons\ofxLineaDeTiempo\libs\ofxLineaDeTiempo\include\ofx\LineaDeTiempo\View\Playhead.h">
			<Filter>addons\ofxLineaDeTiempo\libs\ofxLineaDeTiempo\include\ofx\LineaDeTiempo\View</Filter>
		</ClInclude>
		<ClInclude Include="..\..\..\addons\ofxLineaDeTiempo\libs\ofxLineaDeTiempo\include\ofx\LineaDeTiempo\View\RegionHeaderView.h">
			<Filter>addons\ofxLineaDeTiempo\libs\ofxLineaDeTiempo\include\ofx\LineaDeTiempo\View</Filter>
		</ClInclude>
		<ClInclude Include="..\..\..\addons\ofxLineaDeTiempo\libs\ofxLineaDeTiempo\include\ofx\LineaDeTiempo\View\RegionView.h">
			<Filter>addons\ofxLineaDeTiempo\libs\ofxLineaDeTiempo\include\ofx\LineaDeTiempo\View</Filter>
		</ClInclude>
		<ClInclude Include="..\..\..\addons\ofxLineaDeTiempo\libs\ofxLineaDeTiempo\include\ofx\LineaDeTiempo\View\Selector.h">
			<Filter>addons\ofxLineaDeTiempo\libs\ofxLineaDeTiempo\include\ofx\LineaDeTiempo\View</Filter>
		</ClInclude>
		<ClInclude Include="..\..\..\addons\ofxLineaDeTiempo\libs\ofxLineaDeTiempo\include\ofx\LineaDeTiempo\View\TimeControlView.h">
			<Filter>addons\ofxLineaDeTiempo\libs\ofxLineaDeTiempo\include\ofx\LineaDeTiempo\View</Filter>
		</ClInclude>
		<ClInclude Include="..\..\..\addons\ofxLineaDeTiempo\libs\ofxLineaDeTiempo\include\ofx\LineaDeTiempo\View\TimelineDocument.h">
			<Filter>addons\ofxLineaDeTiempo\libs\ofxLineaDeTiempo\include\ofx\LineaDeTiempo\View</Filter>
		</ClInclude>
		<ClInclude Include="..\..\..\addons\ofxLineaDeTiempo\libs\ofxLineaDeTiempo\include\ofx\LineaDeTiempo\View\TimeModifierView.h">
			<Filter>addons\ofxLineaDeTiempo\libs\ofxLineaDeTiempo\include\ofx\LineaDeTiempo\View</Filter>
		</ClInclude>
		<ClInclude Include="..\..\..\addons\ofxLineaDeTiempo\libs\ofxLineaDeTiempo\include\ofx\LineaDeTiempo\View\TimeRuler.h">
			<Filter>addons\ofxLineaDeTiempo\libs\ofxLineaDeTiempo\include\ofx\LineaDeTiempo\View</Filter>
		</ClInclude>
		<ClInclude Include="..\..\..\addons\ofxLineaDeTiempo\libs\ofxLineaDeTiempo\include\ofx\LineaDeTiempo\View\TimeRulerBar.h">
			<Filter>addons\ofxLineaDeTiempo\libs\ofxLineaDeTiempo\include\ofx\LineaDeTiempo\View</Filter>
		</ClInclude>
		<ClInclude Include="..\..\..\addons\ofxLineaDeTiempo\libs\ofxLineaDeTiempo\include\ofx\LineaDeTiempo\View\TimeRulerHeader.h">
			<Filter>addons\ofxLineaDeTiempo\libs\ofxLineaDeTiempo\include\ofx\LineaDeTiempo\View</Filter>
		</ClInclude>
		<ClInclude Include="..\..\..\addons\ofxLineaDeTiempo\libs\ofxLineaDeTiempo\include\ofx\LineaDeTiempo\View\TrackGroupView.h">
			<Filter>addons\ofxLineaDeTiempo\libs\ofxLineaDeTiempo\include\ofx\LineaDeTiempo\View</Filter>
		</ClInclude>
		<ClInclude Include="..\..\..\addons\ofxLineaDeTiempo\libs\ofxLineaDeTiempo\include\ofx\LineaDeTiempo\View\TrackHeader.h">
			<Filter>addons\ofxLineaDeTiempo\libs\ofxLineaDeTiempo\include\ofx\LineaDeTiempo\View</Filter>
		</ClInclude>
		<ClInclude Include="..\..\..\addons\ofxLineaDeTiempo\libs\ofxLineaDeTiempo\include\ofx\LineaDeTiempo\View\TrackHeaderGroup.h">
			<Filter>addons\ofxLineaDeTiempo\libs\ofxLineaDeTiempo\include\ofx\LineaDeTiempo\View</Filter>
		</ClInclude>
		<ClInclude Include="..\..\..\addons\ofxLineaDeTiempo\libs\ofxLineaDeTiempo\include\ofx\LineaDeTiempo\View\TracksClippedView.h">
			<Filter>addons\ofxLineaDeTiempo\libs\ofxLineaDeTiempo\include\ofx\LineaDeTiempo\View</Filter>
		</ClInclude>
		<ClInclude Include="..\..\..\addons\ofxLineaDeTiempo\libs\ofxLineaDeTiempo\include\ofx\LineaDeTiempo\View\TracksPanel.h">
			<Filter>addons\ofxLineaDeTiempo\libs\ofxLineaDeTiempo\include\ofx\LineaDeTiempo\View</Filter>
		</ClInclude>
		<ClInclude Include="..\..\..\addons\ofxLineaDeTiempo\libs\ofxLineaDeTiempo\include\ofx\LineaDeTiempo\View\TrackView.h">
			<Filter>addons\ofxLineaDeTiempo\libs\ofxLineaDeTiempo\include\ofx\LineaDeTiempo\View</Filter>
		</ClInclude>
		<ClInclude Include="..\..\..\addons\ofxLineaDeTiempo\libs\ofxMUI\include\ofx\MUI\AutoReziseContainer.h">
			<Filter>addons\ofxLineaDeTiempo\libs\ofxMUI\include\ofx\MUI</Filter>
		</ClInclude>
		<ClInclude Include="..\..\..\addons\ofxLineaDeTiempo\libs\ofxMUI\include\ofx\MUI\Axis.h">
			<Filter>addons\ofxLineaDeTiempo\libs\ofxMUI\include\ofx\MUI</Filter>
		</ClInclude>
		<ClInclude Include="..\..\..\addons\ofxLineaDeTiempo\libs\ofxMUI\include\ofx\MUI\Button.h">
			<Filter>addons\ofxLineaDeTiempo\libs\ofxMUI\include\ofx\MUI</Filter>
		</ClInclude>
		<ClInclude Include="..\..\..\addons\ofxLineaDeTiempo\libs\ofxMUI\include\ofx\MUI\ButtonGroup.h">
			<Filter>addons\ofxLineaDeTiempo\libs\ofxMUI\include\ofx\MUI</Filter>
		</ClInclude>
		<ClInclude Include="..\..\..\addons\ofxLineaDeTiempo\libs\ofxMUI\include\ofx\MUI\ClippedView.h">
			<Filter>addons\ofxLineaDeTiempo\libs\ofxMUI\include\ofx\MUI</Filter>
		</ClInclude>
		<ClInclude Include="..\..\..\addons\ofxLineaDeTiempo\libs\ofxMUI\include\ofx\MUI\Constants.h">
			<Filter>addons\ofxLineaDeTiempo\libs\ofxMUI\include\ofx\MUI</Filter>
		</ClInclude>
		<ClInclude Include="..\..\..\addons\ofxLineaDeTiempo\libs\ofxMUI\include\ofx\MUI\Follower.h">
			<Filter>addons\ofxLineaDeTiempo\libs\ofxMUI\include\ofx\MUI</Filter>
		</ClInclude>
		<ClInclude Include="..\..\..\addons\ofxLineaDeTiempo\libs\ofxMUI\include\ofx\MUI\Handles\BaseScrollHandle.h">
			<Filter>addons\ofxLineaDeTiempo\libs\ofxMUI\include\ofx\MUI\Handles</Filter>
		</ClInclude>
		<ClInclude Include="..\..\..\addons\ofxLineaDeTiempo\libs\ofxMUI\include\ofx\MUI\Handles\ConstrainedGrabHandle.h">
			<Filter>addons\ofxLineaDeTiempo\libs\ofxMUI\include\ofx\MUI\Handles</Filter>
		</ClInclude>
		<ClInclude Include="..\..\..\addons\ofxLineaDeTiempo\libs\ofxMUI\include\ofx\MUI\Handles\EdgeHandle.h">
			<Filter>addons\ofxLineaDeTiempo\libs\ofxMUI\include\ofx\MUI\Handles</Filter>
		</ClInclude>
		<ClInclude Include="..\..\..\addons\ofxLineaDeTiempo\libs\ofxMUI\include\ofx\MUI\Handles\ResizableHandle.h">
			<Filter>addons\ofxLineaDeTiempo\libs\ofxMUI\include\ofx\MUI\Handles</Filter>
		</ClInclude>
		<ClInclude Include="..\..\..\addons\ofxLineaDeTiempo\libs\ofxMUI\include\ofx\MUI\Icon.h">
			<Filter>addons\ofxLineaDeTiempo\libs\ofxMUI\include\ofx\MUI</Filter>
		</ClInclude>
		<ClInclude Include="..\..\..\addons\ofxLineaDeTiempo\libs\ofxMUI\include\ofx\MUI\Label.h">
			<Filter>addons\ofxLineaDeTiempo\libs\ofxMUI\include\ofx\MUI</Filter>
		</ClInclude>
		<ClInclude Include="..\..\..\addons\ofxLineaDeTiempo\libs\ofxMUI\include\ofx\MUI\Margins.h">
			<Filter>addons\ofxLineaDeTiempo\libs\ofxMUI\include\ofx\MUI</Filter>
		</ClInclude>
		<ClInclude Include="..\..\..\addons\ofxLineaDeTiempo\libs\ofxMUI\include\ofx\MUI\ofRectangleHelper.h">
			<Filter>addons\ofxLineaDeTiempo\libs\ofxMUI\include\ofx\MUI</Filter>
		</ClInclude>
		<ClInclude Include="..\..\..\addons\ofxLineaDeTiempo\libs\ofxMUI\include\ofx\MUI\OrientedElement.h">
			<Filter>addons\ofxLineaDeTiempo\libs\ofxMUI\include\ofx\MUI</Filter>
		</ClInclude>
		<ClInclude Include="..\..\..\addons\ofxLineaDeTiempo\libs\ofxMUI\include\ofx\MUI\Panel.h">
			<Filter>addons\ofxLineaDeTiempo\libs\ofxMUI\include\ofx\MUI</Filter>
		</ClInclude>
		<ClInclude Include="..\..\..\addons\ofxLineaDeTiempo\libs\ofxMUI\include\ofx\MUI\ScaledView.h">
			<Filter>addons\ofxLineaDeTiempo\libs\ofxMUI\include\ofx\MUI</Filter>
		</ClInclude>
		<ClInclude Include="..\..\..\addons\ofxLineaDeTiempo\libs\ofxMUI\include\ofx\MUI\Scope.h">
			<Filter>addons\ofxLineaDeTiempo\libs\ofxMUI\include\ofx\MUI</Filter>
		</ClInclude>
		<ClInclude Include="..\..\..\addons\ofxLineaDeTiempo\libs\ofxMUI\include\ofx\MUI\Shadow.h">
			<Filter>addons\ofxLineaDeTiempo\libs\ofxMUI\include\ofx\MUI</Filter>
		</ClInclude>
		<ClInclude Include="..\..\..\addons\ofxLineaDeTiempo\libs\ofxMUI\include\ofx\MUI\Slider.h">
			<Filter>addons\ofxLineaDeTiempo\libs\ofxMUI\include\ofx\MUI</Filter>
		</ClInclude>
		<ClInclude Include="..\..\..\addons\ofxLineaDeTiempo\libs\ofxMUI\include\ofx\MUI\SliderGroup.h">
			<Filter>addons\ofxLineaDeTiempo\libs\ofxMUI\include\ofx\MUI</Filter>
		</ClInclude>
		<ClInclude Include="..\..\..\addons\ofxLineaDeTiempo\libs\ofxMUI\include\ofx\MUI\Styles.h">
			<Filter>addons\ofxLineaDeTiempo\libs\ofxMUI\include\ofx\MUI</Filter>
		</ClInclude>
		<ClInclude Include="..\..\..\addons\ofxLineaDeTiempo\libs\ofxMUI\include\ofx\MUI\Types.h">
			<Filter>addons\ofxLineaDeTiempo\libs\ofxMUI\include\ofx\MUI</Filter>
		</ClInclude>
		<ClInclude Include="..\..\..\addons\ofxLineaDeTiempo\libs\ofxMUI\include\ofx\MUI\Utils.h">
			<Filter>addons\ofxLineaDeTiempo\libs\ofxMUI\include\ofx\MUI</Filter>
		</ClInclude>
		<ClInclude Include="..\..\..\addons\ofxLineaDeTiempo\libs\ofxMUI\include\ofx\MUI\Widget.h">
			<Filter>addons\ofxLineaDeTiempo\libs\ofxMUI\include\ofx\MUI</Filter>
		</ClInclude>
		<ClInclude Include="..\..\..\addons\ofxLineaDeTiempo\libs\ofxMUI\include\ofx\MUI\ZoomablePanel.h">
			<Filter>addons\ofxLineaDeTiempo\libs\ofxMUI\include\ofx\MUI</Filter>
		</ClInclude>
		<ClInclude Include="..\..\..\addons\ofxLineaDeTiempo\libs\ofxMUI\include\ofx\MUI\ZoomScrollbar.h">
			<Filter>addons\ofxLineaDeTiempo\libs\ofxMUI\include\ofx\MUI</Filter>
		</ClInclude>
		<ClInclude Include="..\..\..\addons\ofxLineaDeTiempo\libs\ofxMUI\include\ofxMUI.h">
			<Filter>addons\ofxLineaDeTiempo\libs\ofxMUI\include</Filter>
		</ClInclude>
		<ClInclude Include="..\..\..\addons\ofxLineaDeTiempo\libs\ofxPointer\include\ofx\PointerEvents.h">
			<Filter>addons\ofxLineaDeTiempo\libs\ofxPointer\include\ofx</Filter>
		</ClInclude>
		<ClInclude Include="..\..\..\addons\ofxLineaDeTiempo\libs\ofxPointer\include\ofx\PointerEventsiOS.h">
			<Filter>addons\ofxLineaDeTiempo\libs\ofxPointer\include\ofx</Filter>
		</ClInclude>
		<ClInclude Include="..\..\..\addons\ofxLineaDeTiempo\libs\ofxPointer\include\ofx\PointerEventsMacOS.h">
			<Filter>addons\ofxLineaDeTiempo\libs\ofxPointer\include\ofx</Filter>
		</ClInclude>
		<ClInclude Include="..\..\..\addons\ofxLineaDeTiempo\libs\ofxPointer\include\ofx\PointerStrokes.h">
			<Filter>addons\ofxLineaDeTiempo\libs\ofxPointer\include\ofx</Filter>
		</ClInclude>
		<ClInclude Include="..\..\..\addons\ofxLineaDeTiempo\libs\ofxPointer\ofxPointer.h">
			<Filter>addons\ofxLineaDeTiempo\libs\ofxPointer</Filter>
		</ClInclude>
		<ClInclude Include="..\..\..\addons\ofxLineaDeTiempo\libs\ofxRange\include\ofRange.h">
			<Filter>addons\ofxLineaDeTiempo\libs\ofxRange\include</Filter>
		</ClInclude>
		<ClInclude Include="..\..\..\addons\ofxLineaDeTiempo\libs\ofxTimecode\include\ofxTimecode.h">
			<Filter>addons\ofxLineaDeTiempo\libs\ofxTimecode\include</Filter>
		</ClInclude>
	</ItemGroup>
	<ItemGroup>
		<ResourceCompile Include="icon.rc" />
	</ItemGroup>
</Project>
